// !$*UTF8*$!
{
	archiveVersion = 1;
	classes = {
	};
	objectVersion = 50;
	objects = {

/* Begin PBXBuildFile section */
		C31A65BE2393FC5D00DA1A8F /* libavutil.a in Frameworks */ = {isa = PBXBuildFile; fileRef = C31A65B72393FC5D00DA1A8F /* libavutil.a */; };
		C31A65BF2393FC5D00DA1A8F /* libavfilter.a in Frameworks */ = {isa = PBXBuildFile; fileRef = C31A65B82393FC5D00DA1A8F /* libavfilter.a */; };
		C31A65C02393FC5D00DA1A8F /* libavcodec.a in Frameworks */ = {isa = PBXBuildFile; fileRef = C31A65B92393FC5D00DA1A8F /* libavcodec.a */; };
		C31A65C12393FC5D00DA1A8F /* libavformat.a in Frameworks */ = {isa = PBXBuildFile; fileRef = C31A65BA2393FC5D00DA1A8F /* libavformat.a */; };
		C31A65C22393FC5D00DA1A8F /* libavdevice.a in Frameworks */ = {isa = PBXBuildFile; fileRef = C31A65BB2393FC5D00DA1A8F /* libavdevice.a */; };
		C31A65C32393FC5D00DA1A8F /* libswresample.a in Frameworks */ = {isa = PBXBuildFile; fileRef = C31A65BC2393FC5D00DA1A8F /* libswresample.a */; };
		C31A65C42393FC5D00DA1A8F /* libswscale.a in Frameworks */ = {isa = PBXBuildFile; fileRef = C31A65BD2393FC5D00DA1A8F /* libswscale.a */; };
		C31A65C82393FCA200DA1A8F /* test.flv in Resources */ = {isa = PBXBuildFile; fileRef = C31A65C62393FCA100DA1A8F /* test.flv */; };
		C31A65D12393FE2F00DA1A8F /* CommonUtil.m in Sources */ = {isa = PBXBuildFile; fileRef = C31A65CF2393FE2F00DA1A8F /* CommonUtil.m */; };
		C31A65E72393FFB200DA1A8F /* SCAudioOutput.m in Sources */ = {isa = PBXBuildFile; fileRef = C31A65E12393FFB100DA1A8F /* SCAudioOutput.m */; };
		C31A65E82393FFB200DA1A8F /* SCAudioSession.m in Sources */ = {isa = PBXBuildFile; fileRef = C31A65E32393FFB100DA1A8F /* SCAudioSession.m */; };
		C31A65E92393FFB200DA1A8F /* AVAudioSession+RouteUtils.m in Sources */ = {isa = PBXBuildFile; fileRef = C31A65E62393FFB100DA1A8F /* AVAudioSession+RouteUtils.m */; };
		C31A65EF23940B7E00DA1A8F /* BaseEffectFilter.m in Sources */ = {isa = PBXBuildFile; fileRef = C31A65EE23940B7E00DA1A8F /* BaseEffectFilter.m */; };
		C31A65F223940B9900DA1A8F /* ContrastEnhancerFilter.m in Sources */ = {isa = PBXBuildFile; fileRef = C31A65F123940B9900DA1A8F /* ContrastEnhancerFilter.m */; };
		C31A65F523940BBF00DA1A8F /* DirectPassRenderer.m in Sources */ = {isa = PBXBuildFile; fileRef = C31A65F423940BBF00DA1A8F /* DirectPassRenderer.m */; };
		C31A65F923940BEA00DA1A8F /* YUVFrameCopier.m in Sources */ = {isa = PBXBuildFile; fileRef = C31A65F823940BEA00DA1A8F /* YUVFrameCopier.m */; };
		C31A65FC23940C0200DA1A8F /* YUVFrameFastCopier.m in Sources */ = {isa = PBXBuildFile; fileRef = C31A65FB23940C0200DA1A8F /* YUVFrameFastCopier.m */; };
		C31A65FF23940C2900DA1A8F /* SCVideoOutput.m in Sources */ = {isa = PBXBuildFile; fileRef = C31A65FE23940C2900DA1A8F /* SCVideoOutput.m */; };
		C31A660A2394148700DA1A8F /* VideoDecoder.m in Sources */ = {isa = PBXBuildFile; fileRef = C31A66052394148600DA1A8F /* VideoDecoder.m */; };
		C31A660B2394148700DA1A8F /* VideoToolboxDecoder.m in Sources */ = {isa = PBXBuildFile; fileRef = C31A66072394148700DA1A8F /* VideoToolboxDecoder.m */; };
		C31A661D239419B600DA1A8F /* libz.tbd in Frameworks */ = {isa = PBXBuildFile; fileRef = C31A66132394195500DA1A8F /* libz.tbd */; };
		C31A661E239419CD00DA1A8F /* libbz2.tbd in Frameworks */ = {isa = PBXBuildFile; fileRef = C31A66112394194100DA1A8F /* libbz2.tbd */; };
		C31A661F239419E100DA1A8F /* libiconv.tbd in Frameworks */ = {isa = PBXBuildFile; fileRef = C31A660F2394193500DA1A8F /* libiconv.tbd */; };
		C31A66222394B23900DA1A8F /* AVSynchronizer.m in Sources */ = {isa = PBXBuildFile; fileRef = C31A66212394B23900DA1A8F /* AVSynchronizer.m */; };
		C31A66252394BBEA00DA1A8F /* SCVideoPlayerViewController.m in Sources */ = {isa = PBXBuildFile; fileRef = C31A66242394BBEA00DA1A8F /* SCVideoPlayerViewController.m */; };
		C31A662A2394BDDA00DA1A8F /* ELVideoViewPlayerController.m in Sources */ = {isa = PBXBuildFile; fileRef = C31A66272394BDDA00DA1A8F /* ELVideoViewPlayerController.m */; };
		C31A662B2394BDDA00DA1A8F /* LoadingView.m in Sources */ = {isa = PBXBuildFile; fileRef = C31A66292394BDDA00DA1A8F /* LoadingView.m */; };
		C35EEF822393F6C6008475B3 /* AppDelegate.m in Sources */ = {isa = PBXBuildFile; fileRef = C35EEF812393F6C6008475B3 /* AppDelegate.m */; };
		C35EEF852393F6C6008475B3 /* ViewController.m in Sources */ = {isa = PBXBuildFile; fileRef = C35EEF842393F6C6008475B3 /* ViewController.m */; };
		C35EEF882393F6C6008475B3 /* Main.storyboard in Resources */ = {isa = PBXBuildFile; fileRef = C35EEF862393F6C6008475B3 /* Main.storyboard */; };
		C35EEF8A2393F6C7008475B3 /* Assets.xcassets in Resources */ = {isa = PBXBuildFile; fileRef = C35EEF892393F6C7008475B3 /* Assets.xcassets */; };
		C35EEF8D2393F6C7008475B3 /* LaunchScreen.storyboard in Resources */ = {isa = PBXBuildFile; fileRef = C35EEF8B2393F6C7008475B3 /* LaunchScreen.storyboard */; };
		C35EEF902393F6C7008475B3 /* main.m in Sources */ = {isa = PBXBuildFile; fileRef = C35EEF8F2393F6C7008475B3 /* main.m */; };
		C35EEF9A2393F6C7008475B3 /* VideoPlayerTests.m in Sources */ = {isa = PBXBuildFile; fileRef = C35EEF992393F6C7008475B3 /* VideoPlayerTests.m */; };
		C35EEFA52393F6C7008475B3 /* VideoPlayerUITests.m in Sources */ = {isa = PBXBuildFile; fileRef = C35EEFA42393F6C7008475B3 /* VideoPlayerUITests.m */; };
/* End PBXBuildFile section */

/* Begin PBXContainerItemProxy section */
		C35EEF962393F6C7008475B3 /* PBXContainerItemProxy */ = {
			isa = PBXContainerItemProxy;
			containerPortal = C35EEF752393F6C5008475B3 /* Project object */;
			proxyType = 1;
			remoteGlobalIDString = C35EEF7C2393F6C5008475B3;
			remoteInfo = VideoPlayer;
		};
		C35EEFA12393F6C7008475B3 /* PBXContainerItemProxy */ = {
			isa = PBXContainerItemProxy;
			containerPortal = C35EEF752393F6C5008475B3 /* Project object */;
			proxyType = 1;
			remoteGlobalIDString = C35EEF7C2393F6C5008475B3;
			remoteInfo = VideoPlayer;
		};
/* End PBXContainerItemProxy section */

/* Begin PBXFileReference section */
		C31A653F2393FC5D00DA1A8F /* version.h */ = {isa = PBXFileReference; fileEncoding = 4; lastKnownFileType = sourcecode.c.h; path = version.h; sourceTree = "<group>"; };
		C31A65402393FC5D00DA1A8F /* buffersrc.h */ = {isa = PBXFileReference; fileEncoding = 4; lastKnownFileType = sourcecode.c.h; path = buffersrc.h; sourceTree = "<group>"; };
		C31A65412393FC5D00DA1A8F /* buffersink.h */ = {isa = PBXFileReference; fileEncoding = 4; lastKnownFileType = sourcecode.c.h; path = buffersink.h; sourceTree = "<group>"; };
		C31A65422393FC5D00DA1A8F /* avfilter.h */ = {isa = PBXFileReference; fileEncoding = 4; lastKnownFileType = sourcecode.c.h; path = avfilter.h; sourceTree = "<group>"; };
		C31A65442393FC5D00DA1A8F /* hwcontext.h */ = {isa = PBXFileReference; fileEncoding = 4; lastKnownFileType = sourcecode.c.h; path = hwcontext.h; sourceTree = "<group>"; };
		C31A65452393FC5D00DA1A8F /* time.h */ = {isa = PBXFileReference; fileEncoding = 4; lastKnownFileType = sourcecode.c.h; path = time.h; sourceTree = "<group>"; };
		C31A65462393FC5D00DA1A8F /* hwcontext_cuda.h */ = {isa = PBXFileReference; fileEncoding = 4; lastKnownFileType = sourcecode.c.h; path = hwcontext_cuda.h; sourceTree = "<group>"; };
		C31A65472393FC5D00DA1A8F /* intfloat.h */ = {isa = PBXFileReference; fileEncoding = 4; lastKnownFileType = sourcecode.c.h; path = intfloat.h; sourceTree = "<group>"; };
		C31A65482393FC5D00DA1A8F /* error.h */ = {isa = PBXFileReference; fileEncoding = 4; lastKnownFileType = sourcecode.c.h; path = error.h; sourceTree = "<group>"; };
		C31A65492393FC5D00DA1A8F /* fifo.h */ = {isa = PBXFileReference; fileEncoding = 4; lastKnownFileType = sourcecode.c.h; path = fifo.h; sourceTree = "<group>"; };
		C31A654A2393FC5D00DA1A8F /* blowfish.h */ = {isa = PBXFileReference; fileEncoding = 4; lastKnownFileType = sourcecode.c.h; path = blowfish.h; sourceTree = "<group>"; };
		C31A654B2393FC5D00DA1A8F /* hwcontext_mediacodec.h */ = {isa = PBXFileReference; fileEncoding = 4; lastKnownFileType = sourcecode.c.h; path = hwcontext_mediacodec.h; sourceTree = "<group>"; };
		C31A654C2393FC5D00DA1A8F /* replaygain.h */ = {isa = PBXFileReference; fileEncoding = 4; lastKnownFileType = sourcecode.c.h; path = replaygain.h; sourceTree = "<group>"; };
		C31A654D2393FC5D00DA1A8F /* version.h */ = {isa = PBXFileReference; fileEncoding = 4; lastKnownFileType = sourcecode.c.h; path = version.h; sourceTree = "<group>"; };
		C31A654E2393FC5D00DA1A8F /* murmur3.h */ = {isa = PBXFileReference; fileEncoding = 4; lastKnownFileType = sourcecode.c.h; path = murmur3.h; sourceTree = "<group>"; };
		C31A654F2393FC5D00DA1A8F /* stereo3d.h */ = {isa = PBXFileReference; fileEncoding = 4; lastKnownFileType = sourcecode.c.h; path = stereo3d.h; sourceTree = "<group>"; };
		C31A65502393FC5D00DA1A8F /* samplefmt.h */ = {isa = PBXFileReference; fileEncoding = 4; lastKnownFileType = sourcecode.c.h; path = samplefmt.h; sourceTree = "<group>"; };
		C31A65512393FC5D00DA1A8F /* pixdesc.h */ = {isa = PBXFileReference; fileEncoding = 4; lastKnownFileType = sourcecode.c.h; path = pixdesc.h; sourceTree = "<group>"; };
		C31A65522393FC5D00DA1A8F /* base64.h */ = {isa = PBXFileReference; fileEncoding = 4; lastKnownFileType = sourcecode.c.h; path = base64.h; sourceTree = "<group>"; };
		C31A65532393FC5D00DA1A8F /* rational.h */ = {isa = PBXFileReference; fileEncoding = 4; lastKnownFileType = sourcecode.c.h; path = rational.h; sourceTree = "<group>"; };
		C31A65542393FC5D00DA1A8F /* sha.h */ = {isa = PBXFileReference; fileEncoding = 4; lastKnownFileType = sourcecode.c.h; path = sha.h; sourceTree = "<group>"; };
		C31A65552393FC5D00DA1A8F /* motion_vector.h */ = {isa = PBXFileReference; fileEncoding = 4; lastKnownFileType = sourcecode.c.h; path = motion_vector.h; sourceTree = "<group>"; };
		C31A65562393FC5D00DA1A8F /* avconfig.h */ = {isa = PBXFileReference; fileEncoding = 4; lastKnownFileType = sourcecode.c.h; path = avconfig.h; sourceTree = "<group>"; };
		C31A65572393FC5D00DA1A8F /* lfg.h */ = {isa = PBXFileReference; fileEncoding = 4; lastKnownFileType = sourcecode.c.h; path = lfg.h; sourceTree = "<group>"; };
		C31A65582393FC5D00DA1A8F /* avutil.h */ = {isa = PBXFileReference; fileEncoding = 4; lastKnownFileType = sourcecode.c.h; path = avutil.h; sourceTree = "<group>"; };
		C31A65592393FC5D00DA1A8F /* xtea.h */ = {isa = PBXFileReference; fileEncoding = 4; lastKnownFileType = sourcecode.c.h; path = xtea.h; sourceTree = "<group>"; };
		C31A655A2393FC5D00DA1A8F /* crc.h */ = {isa = PBXFileReference; fileEncoding = 4; lastKnownFileType = sourcecode.c.h; path = crc.h; sourceTree = "<group>"; };
		C31A655B2393FC5D00DA1A8F /* hwcontext_vdpau.h */ = {isa = PBXFileReference; fileEncoding = 4; lastKnownFileType = sourcecode.c.h; path = hwcontext_vdpau.h; sourceTree = "<group>"; };
		C31A655C2393FC5D00DA1A8F /* frame.h */ = {isa = PBXFileReference; fileEncoding = 4; lastKnownFileType = sourcecode.c.h; path = frame.h; sourceTree = "<group>"; };
		C31A655D2393FC5D00DA1A8F /* file.h */ = {isa = PBXFileReference; fileEncoding = 4; lastKnownFileType = sourcecode.c.h; path = file.h; sourceTree = "<group>"; };
		C31A655E2393FC5D00DA1A8F /* md5.h */ = {isa = PBXFileReference; fileEncoding = 4; lastKnownFileType = sourcecode.c.h; path = md5.h; sourceTree = "<group>"; };
		C31A655F2393FC5D00DA1A8F /* cast5.h */ = {isa = PBXFileReference; fileEncoding = 4; lastKnownFileType = sourcecode.c.h; path = cast5.h; sourceTree = "<group>"; };
		C31A65602393FC5D00DA1A8F /* hwcontext_vaapi.h */ = {isa = PBXFileReference; fileEncoding = 4; lastKnownFileType = sourcecode.c.h; path = hwcontext_vaapi.h; sourceTree = "<group>"; };
		C31A65612393FC5D00DA1A8F /* spherical.h */ = {isa = PBXFileReference; fileEncoding = 4; lastKnownFileType = sourcecode.c.h; path = spherical.h; sourceTree = "<group>"; };
		C31A65622393FC5D00DA1A8F /* ffversion.h */ = {isa = PBXFileReference; fileEncoding = 4; lastKnownFileType = sourcecode.c.h; path = ffversion.h; sourceTree = "<group>"; };
		C31A65632393FC5D00DA1A8F /* audio_fifo.h */ = {isa = PBXFileReference; fileEncoding = 4; lastKnownFileType = sourcecode.c.h; path = audio_fifo.h; sourceTree = "<group>"; };
		C31A65642393FC5D00DA1A8F /* tree.h */ = {isa = PBXFileReference; fileEncoding = 4; lastKnownFileType = sourcecode.c.h; path = tree.h; sourceTree = "<group>"; };
		C31A65652393FC5D00DA1A8F /* threadmessage.h */ = {isa = PBXFileReference; fileEncoding = 4; lastKnownFileType = sourcecode.c.h; path = threadmessage.h; sourceTree = "<group>"; };
		C31A65662393FC5D00DA1A8F /* attributes.h */ = {isa = PBXFileReference; fileEncoding = 4; lastKnownFileType = sourcecode.c.h; path = attributes.h; sourceTree = "<group>"; };
		C31A65672393FC5D00DA1A8F /* adler32.h */ = {isa = PBXFileReference; fileEncoding = 4; lastKnownFileType = sourcecode.c.h; path = adler32.h; sourceTree = "<group>"; };
		C31A65682393FC5D00DA1A8F /* hwcontext_d3d11va.h */ = {isa = PBXFileReference; fileEncoding = 4; lastKnownFileType = sourcecode.c.h; path = hwcontext_d3d11va.h; sourceTree = "<group>"; };
		C31A65692393FC5D00DA1A8F /* timecode.h */ = {isa = PBXFileReference; fileEncoding = 4; lastKnownFileType = sourcecode.c.h; path = timecode.h; sourceTree = "<group>"; };
		C31A656A2393FC5D00DA1A8F /* tx.h */ = {isa = PBXFileReference; fileEncoding = 4; lastKnownFileType = sourcecode.c.h; path = tx.h; sourceTree = "<group>"; };
		C31A656B2393FC5D00DA1A8F /* sha512.h */ = {isa = PBXFileReference; fileEncoding = 4; lastKnownFileType = sourcecode.c.h; path = sha512.h; sourceTree = "<group>"; };
		C31A656C2393FC5D00DA1A8F /* hwcontext_dxva2.h */ = {isa = PBXFileReference; fileEncoding = 4; lastKnownFileType = sourcecode.c.h; path = hwcontext_dxva2.h; sourceTree = "<group>"; };
		C31A656D2393FC5D00DA1A8F /* display.h */ = {isa = PBXFileReference; fileEncoding = 4; lastKnownFileType = sourcecode.c.h; path = display.h; sourceTree = "<group>"; };
		C31A656E2393FC5D00DA1A8F /* buffer.h */ = {isa = PBXFileReference; fileEncoding = 4; lastKnownFileType = sourcecode.c.h; path = buffer.h; sourceTree = "<group>"; };
		C31A656F2393FC5D00DA1A8F /* camellia.h */ = {isa = PBXFileReference; fileEncoding = 4; lastKnownFileType = sourcecode.c.h; path = camellia.h; sourceTree = "<group>"; };
		C31A65702393FC5D00DA1A8F /* pixelutils.h */ = {isa = PBXFileReference; fileEncoding = 4; lastKnownFileType = sourcecode.c.h; path = pixelutils.h; sourceTree = "<group>"; };
		C31A65712393FC5D00DA1A8F /* hwcontext_drm.h */ = {isa = PBXFileReference; fileEncoding = 4; lastKnownFileType = sourcecode.c.h; path = hwcontext_drm.h; sourceTree = "<group>"; };
		C31A65722393FC5D00DA1A8F /* common.h */ = {isa = PBXFileReference; fileEncoding = 4; lastKnownFileType = sourcecode.c.h; path = common.h; sourceTree = "<group>"; };
		C31A65732393FC5D00DA1A8F /* hmac.h */ = {isa = PBXFileReference; fileEncoding = 4; lastKnownFileType = sourcecode.c.h; path = hmac.h; sourceTree = "<group>"; };
		C31A65742393FC5D00DA1A8F /* eval.h */ = {isa = PBXFileReference; fileEncoding = 4; lastKnownFileType = sourcecode.c.h; path = eval.h; sourceTree = "<group>"; };
		C31A65752393FC5D00DA1A8F /* dict.h */ = {isa = PBXFileReference; fileEncoding = 4; lastKnownFileType = sourcecode.c.h; path = dict.h; sourceTree = "<group>"; };
		C31A65762393FC5D00DA1A8F /* random_seed.h */ = {isa = PBXFileReference; fileEncoding = 4; lastKnownFileType = sourcecode.c.h; path = random_seed.h; sourceTree = "<group>"; };
		C31A65772393FC5D00DA1A8F /* opt.h */ = {isa = PBXFileReference; fileEncoding = 4; lastKnownFileType = sourcecode.c.h; path = opt.h; sourceTree = "<group>"; };
		C31A65782393FC5D00DA1A8F /* mastering_display_metadata.h */ = {isa = PBXFileReference; fileEncoding = 4; lastKnownFileType = sourcecode.c.h; path = mastering_display_metadata.h; sourceTree = "<group>"; };
		C31A65792393FC5D00DA1A8F /* log.h */ = {isa = PBXFileReference; fileEncoding = 4; lastKnownFileType = sourcecode.c.h; path = log.h; sourceTree = "<group>"; };
		C31A657A2393FC5D00DA1A8F /* aes.h */ = {isa = PBXFileReference; fileEncoding = 4; lastKnownFileType = sourcecode.c.h; path = aes.h; sourceTree = "<group>"; };
		C31A657B2393FC5D00DA1A8F /* macros.h */ = {isa = PBXFileReference; fileEncoding = 4; lastKnownFileType = sourcecode.c.h; path = macros.h; sourceTree = "<group>"; };
		C31A657C2393FC5D00DA1A8F /* bswap.h */ = {isa = PBXFileReference; fileEncoding = 4; lastKnownFileType = sourcecode.c.h; path = bswap.h; sourceTree = "<group>"; };
		C31A657D2393FC5D00DA1A8F /* rc4.h */ = {isa = PBXFileReference; fileEncoding = 4; lastKnownFileType = sourcecode.c.h; path = rc4.h; sourceTree = "<group>"; };
		C31A657E2393FC5D00DA1A8F /* tea.h */ = {isa = PBXFileReference; fileEncoding = 4; lastKnownFileType = sourcecode.c.h; path = tea.h; sourceTree = "<group>"; };
		C31A657F2393FC5D00DA1A8F /* cpu.h */ = {isa = PBXFileReference; fileEncoding = 4; lastKnownFileType = sourcecode.c.h; path = cpu.h; sourceTree = "<group>"; };
		C31A65802393FC5D00DA1A8F /* lzo.h */ = {isa = PBXFileReference; fileEncoding = 4; lastKnownFileType = sourcecode.c.h; path = lzo.h; sourceTree = "<group>"; };
		C31A65812393FC5D00DA1A8F /* des.h */ = {isa = PBXFileReference; fileEncoding = 4; lastKnownFileType = sourcecode.c.h; path = des.h; sourceTree = "<group>"; };
		C31A65822393FC5D00DA1A8F /* channel_layout.h */ = {isa = PBXFileReference; fileEncoding = 4; lastKnownFileType = sourcecode.c.h; path = channel_layout.h; sourceTree = "<group>"; };
		C31A65832393FC5D00DA1A8F /* encryption_info.h */ = {isa = PBXFileReference; fileEncoding = 4; lastKnownFileType = sourcecode.c.h; path = encryption_info.h; sourceTree = "<group>"; };
		C31A65842393FC5D00DA1A8F /* twofish.h */ = {isa = PBXFileReference; fileEncoding = 4; lastKnownFileType = sourcecode.c.h; path = twofish.h; sourceTree = "<group>"; };
		C31A65852393FC5D00DA1A8F /* imgutils.h */ = {isa = PBXFileReference; fileEncoding = 4; lastKnownFileType = sourcecode.c.h; path = imgutils.h; sourceTree = "<group>"; };
		C31A65862393FC5D00DA1A8F /* hwcontext_videotoolbox.h */ = {isa = PBXFileReference; fileEncoding = 4; lastKnownFileType = sourcecode.c.h; path = hwcontext_videotoolbox.h; sourceTree = "<group>"; };
		C31A65872393FC5D00DA1A8F /* mem.h */ = {isa = PBXFileReference; fileEncoding = 4; lastKnownFileType = sourcecode.c.h; path = mem.h; sourceTree = "<group>"; };
		C31A65882393FC5D00DA1A8F /* parseutils.h */ = {isa = PBXFileReference; fileEncoding = 4; lastKnownFileType = sourcecode.c.h; path = parseutils.h; sourceTree = "<group>"; };
		C31A65892393FC5D00DA1A8F /* ripemd.h */ = {isa = PBXFileReference; fileEncoding = 4; lastKnownFileType = sourcecode.c.h; path = ripemd.h; sourceTree = "<group>"; };
		C31A658A2393FC5D00DA1A8F /* bprint.h */ = {isa = PBXFileReference; fileEncoding = 4; lastKnownFileType = sourcecode.c.h; path = bprint.h; sourceTree = "<group>"; };
		C31A658B2393FC5D00DA1A8F /* hdr_dynamic_metadata.h */ = {isa = PBXFileReference; fileEncoding = 4; lastKnownFileType = sourcecode.c.h; path = hdr_dynamic_metadata.h; sourceTree = "<group>"; };
		C31A658C2393FC5D00DA1A8F /* hwcontext_qsv.h */ = {isa = PBXFileReference; fileEncoding = 4; lastKnownFileType = sourcecode.c.h; path = hwcontext_qsv.h; sourceTree = "<group>"; };
		C31A658D2393FC5D00DA1A8F /* pixfmt.h */ = {isa = PBXFileReference; fileEncoding = 4; lastKnownFileType = sourcecode.c.h; path = pixfmt.h; sourceTree = "<group>"; };
		C31A658E2393FC5D00DA1A8F /* aes_ctr.h */ = {isa = PBXFileReference; fileEncoding = 4; lastKnownFileType = sourcecode.c.h; path = aes_ctr.h; sourceTree = "<group>"; };
		C31A658F2393FC5D00DA1A8F /* timestamp.h */ = {isa = PBXFileReference; fileEncoding = 4; lastKnownFileType = sourcecode.c.h; path = timestamp.h; sourceTree = "<group>"; };
		C31A65902393FC5D00DA1A8F /* downmix_info.h */ = {isa = PBXFileReference; fileEncoding = 4; lastKnownFileType = sourcecode.c.h; path = downmix_info.h; sourceTree = "<group>"; };
		C31A65912393FC5D00DA1A8F /* avassert.h */ = {isa = PBXFileReference; fileEncoding = 4; lastKnownFileType = sourcecode.c.h; path = avassert.h; sourceTree = "<group>"; };
		C31A65922393FC5D00DA1A8F /* hash.h */ = {isa = PBXFileReference; fileEncoding = 4; lastKnownFileType = sourcecode.c.h; path = hash.h; sourceTree = "<group>"; };
		C31A65932393FC5D00DA1A8F /* mathematics.h */ = {isa = PBXFileReference; fileEncoding = 4; lastKnownFileType = sourcecode.c.h; path = mathematics.h; sourceTree = "<group>"; };
		C31A65942393FC5D00DA1A8F /* intreadwrite.h */ = {isa = PBXFileReference; fileEncoding = 4; lastKnownFileType = sourcecode.c.h; path = intreadwrite.h; sourceTree = "<group>"; };
		C31A65952393FC5D00DA1A8F /* avstring.h */ = {isa = PBXFileReference; fileEncoding = 4; lastKnownFileType = sourcecode.c.h; path = avstring.h; sourceTree = "<group>"; };
		C31A65972393FC5D00DA1A8F /* version.h */ = {isa = PBXFileReference; fileEncoding = 4; lastKnownFileType = sourcecode.c.h; path = version.h; sourceTree = "<group>"; };
		C31A65982393FC5D00DA1A8F /* avdevice.h */ = {isa = PBXFileReference; fileEncoding = 4; lastKnownFileType = sourcecode.c.h; path = avdevice.h; sourceTree = "<group>"; };
		C31A659A2393FC5D00DA1A8F /* version.h */ = {isa = PBXFileReference; fileEncoding = 4; lastKnownFileType = sourcecode.c.h; path = version.h; sourceTree = "<group>"; };
		C31A659B2393FC5D00DA1A8F /* avio.h */ = {isa = PBXFileReference; fileEncoding = 4; lastKnownFileType = sourcecode.c.h; path = avio.h; sourceTree = "<group>"; };
		C31A659C2393FC5D00DA1A8F /* avformat.h */ = {isa = PBXFileReference; fileEncoding = 4; lastKnownFileType = sourcecode.c.h; path = avformat.h; sourceTree = "<group>"; };
		C31A659E2393FC5D00DA1A8F /* version.h */ = {isa = PBXFileReference; fileEncoding = 4; lastKnownFileType = sourcecode.c.h; path = version.h; sourceTree = "<group>"; };
		C31A659F2393FC5D00DA1A8F /* swscale.h */ = {isa = PBXFileReference; fileEncoding = 4; lastKnownFileType = sourcecode.c.h; path = swscale.h; sourceTree = "<group>"; };
		C31A65A12393FC5D00DA1A8F /* adts_parser.h */ = {isa = PBXFileReference; fileEncoding = 4; lastKnownFileType = sourcecode.c.h; path = adts_parser.h; sourceTree = "<group>"; };
		C31A65A22393FC5D00DA1A8F /* avcodec.h */ = {isa = PBXFileReference; fileEncoding = 4; lastKnownFileType = sourcecode.c.h; path = avcodec.h; sourceTree = "<group>"; };
		C31A65A32393FC5D00DA1A8F /* version.h */ = {isa = PBXFileReference; fileEncoding = 4; lastKnownFileType = sourcecode.c.h; path = version.h; sourceTree = "<group>"; };
		C31A65A42393FC5D00DA1A8F /* vdpau.h */ = {isa = PBXFileReference; fileEncoding = 4; lastKnownFileType = sourcecode.c.h; path = vdpau.h; sourceTree = "<group>"; };
		C31A65A52393FC5D00DA1A8F /* qsv.h */ = {isa = PBXFileReference; fileEncoding = 4; lastKnownFileType = sourcecode.c.h; path = qsv.h; sourceTree = "<group>"; };
		C31A65A62393FC5D00DA1A8F /* vaapi.h */ = {isa = PBXFileReference; fileEncoding = 4; lastKnownFileType = sourcecode.c.h; path = vaapi.h; sourceTree = "<group>"; };
		C31A65A72393FC5D00DA1A8F /* videotoolbox.h */ = {isa = PBXFileReference; fileEncoding = 4; lastKnownFileType = sourcecode.c.h; path = videotoolbox.h; sourceTree = "<group>"; };
		C31A65A82393FC5D00DA1A8F /* xvmc.h */ = {isa = PBXFileReference; fileEncoding = 4; lastKnownFileType = sourcecode.c.h; path = xvmc.h; sourceTree = "<group>"; };
		C31A65A92393FC5D00DA1A8F /* mediacodec.h */ = {isa = PBXFileReference; fileEncoding = 4; lastKnownFileType = sourcecode.c.h; path = mediacodec.h; sourceTree = "<group>"; };
		C31A65AA2393FC5D00DA1A8F /* d3d11va.h */ = {isa = PBXFileReference; fileEncoding = 4; lastKnownFileType = sourcecode.c.h; path = d3d11va.h; sourceTree = "<group>"; };
		C31A65AB2393FC5D00DA1A8F /* avfft.h */ = {isa = PBXFileReference; fileEncoding = 4; lastKnownFileType = sourcecode.c.h; path = avfft.h; sourceTree = "<group>"; };
		C31A65AC2393FC5D00DA1A8F /* jni.h */ = {isa = PBXFileReference; fileEncoding = 4; lastKnownFileType = sourcecode.c.h; path = jni.h; sourceTree = "<group>"; };
		C31A65AD2393FC5D00DA1A8F /* dirac.h */ = {isa = PBXFileReference; fileEncoding = 4; lastKnownFileType = sourcecode.c.h; path = dirac.h; sourceTree = "<group>"; };
		C31A65AE2393FC5D00DA1A8F /* avdct.h */ = {isa = PBXFileReference; fileEncoding = 4; lastKnownFileType = sourcecode.c.h; path = avdct.h; sourceTree = "<group>"; };
		C31A65AF2393FC5D00DA1A8F /* ac3_parser.h */ = {isa = PBXFileReference; fileEncoding = 4; lastKnownFileType = sourcecode.c.h; path = ac3_parser.h; sourceTree = "<group>"; };
		C31A65B02393FC5D00DA1A8F /* vorbis_parser.h */ = {isa = PBXFileReference; fileEncoding = 4; lastKnownFileType = sourcecode.c.h; path = vorbis_parser.h; sourceTree = "<group>"; };
		C31A65B12393FC5D00DA1A8F /* dxva2.h */ = {isa = PBXFileReference; fileEncoding = 4; lastKnownFileType = sourcecode.c.h; path = dxva2.h; sourceTree = "<group>"; };
		C31A65B22393FC5D00DA1A8F /* dv_profile.h */ = {isa = PBXFileReference; fileEncoding = 4; lastKnownFileType = sourcecode.c.h; path = dv_profile.h; sourceTree = "<group>"; };
		C31A65B42393FC5D00DA1A8F /* version.h */ = {isa = PBXFileReference; fileEncoding = 4; lastKnownFileType = sourcecode.c.h; path = version.h; sourceTree = "<group>"; };
		C31A65B52393FC5D00DA1A8F /* swresample.h */ = {isa = PBXFileReference; fileEncoding = 4; lastKnownFileType = sourcecode.c.h; path = swresample.h; sourceTree = "<group>"; };
		C31A65B72393FC5D00DA1A8F /* libavutil.a */ = {isa = PBXFileReference; lastKnownFileType = archive.ar; path = libavutil.a; sourceTree = "<group>"; };
		C31A65B82393FC5D00DA1A8F /* libavfilter.a */ = {isa = PBXFileReference; lastKnownFileType = archive.ar; path = libavfilter.a; sourceTree = "<group>"; };
		C31A65B92393FC5D00DA1A8F /* libavcodec.a */ = {isa = PBXFileReference; lastKnownFileType = archive.ar; path = libavcodec.a; sourceTree = "<group>"; };
		C31A65BA2393FC5D00DA1A8F /* libavformat.a */ = {isa = PBXFileReference; lastKnownFileType = archive.ar; path = libavformat.a; sourceTree = "<group>"; };
		C31A65BB2393FC5D00DA1A8F /* libavdevice.a */ = {isa = PBXFileReference; lastKnownFileType = archive.ar; path = libavdevice.a; sourceTree = "<group>"; };
		C31A65BC2393FC5D00DA1A8F /* libswresample.a */ = {isa = PBXFileReference; lastKnownFileType = archive.ar; path = libswresample.a; sourceTree = "<group>"; };
		C31A65BD2393FC5D00DA1A8F /* libswscale.a */ = {isa = PBXFileReference; lastKnownFileType = archive.ar; path = libswscale.a; sourceTree = "<group>"; };
		C31A65C62393FCA100DA1A8F /* test.flv */ = {isa = PBXFileReference; lastKnownFileType = file; path = test.flv; sourceTree = "<group>"; };
		C31A65CF2393FE2F00DA1A8F /* CommonUtil.m */ = {isa = PBXFileReference; fileEncoding = 4; lastKnownFileType = sourcecode.c.objc; path = CommonUtil.m; sourceTree = "<group>"; };
		C31A65D02393FE2F00DA1A8F /* CommonUtil.h */ = {isa = PBXFileReference; fileEncoding = 4; lastKnownFileType = sourcecode.c.h; path = CommonUtil.h; sourceTree = "<group>"; };
		C31A65E12393FFB100DA1A8F /* SCAudioOutput.m */ = {isa = PBXFileReference; fileEncoding = 4; lastKnownFileType = sourcecode.c.objc; path = SCAudioOutput.m; sourceTree = "<group>"; };
		C31A65E22393FFB100DA1A8F /* SCAudioSession.h */ = {isa = PBXFileReference; fileEncoding = 4; lastKnownFileType = sourcecode.c.h; path = SCAudioSession.h; sourceTree = "<group>"; };
		C31A65E32393FFB100DA1A8F /* SCAudioSession.m */ = {isa = PBXFileReference; fileEncoding = 4; lastKnownFileType = sourcecode.c.objc; path = SCAudioSession.m; sourceTree = "<group>"; };
		C31A65E42393FFB100DA1A8F /* SCAudioOutput.h */ = {isa = PBXFileReference; fileEncoding = 4; lastKnownFileType = sourcecode.c.h; path = SCAudioOutput.h; sourceTree = "<group>"; };
		C31A65E52393FFB100DA1A8F /* AVAudioSession+RouteUtils.h */ = {isa = PBXFileReference; fileEncoding = 4; lastKnownFileType = sourcecode.c.h; path = "AVAudioSession+RouteUtils.h"; sourceTree = "<group>"; };
		C31A65E62393FFB100DA1A8F /* AVAudioSession+RouteUtils.m */ = {isa = PBXFileReference; fileEncoding = 4; lastKnownFileType = sourcecode.c.objc; path = "AVAudioSession+RouteUtils.m"; sourceTree = "<group>"; };
		C31A65ED23940B7E00DA1A8F /* BaseEffectFilter.h */ = {isa = PBXFileReference; lastKnownFileType = sourcecode.c.h; path = BaseEffectFilter.h; sourceTree = "<group>"; };
		C31A65EE23940B7E00DA1A8F /* BaseEffectFilter.m */ = {isa = PBXFileReference; lastKnownFileType = sourcecode.c.objc; path = BaseEffectFilter.m; sourceTree = "<group>"; };
		C31A65F023940B9900DA1A8F /* ContrastEnhancerFilter.h */ = {isa = PBXFileReference; lastKnownFileType = sourcecode.c.h; path = ContrastEnhancerFilter.h; sourceTree = "<group>"; };
		C31A65F123940B9900DA1A8F /* ContrastEnhancerFilter.m */ = {isa = PBXFileReference; lastKnownFileType = sourcecode.c.objc; path = ContrastEnhancerFilter.m; sourceTree = "<group>"; };
		C31A65F323940BBF00DA1A8F /* DirectPassRenderer.h */ = {isa = PBXFileReference; lastKnownFileType = sourcecode.c.h; path = DirectPassRenderer.h; sourceTree = "<group>"; };
		C31A65F423940BBF00DA1A8F /* DirectPassRenderer.m */ = {isa = PBXFileReference; lastKnownFileType = sourcecode.c.objc; path = DirectPassRenderer.m; sourceTree = "<group>"; };
		C31A65F723940BEA00DA1A8F /* YUVFrameCopier.h */ = {isa = PBXFileReference; lastKnownFileType = sourcecode.c.h; path = YUVFrameCopier.h; sourceTree = "<group>"; };
		C31A65F823940BEA00DA1A8F /* YUVFrameCopier.m */ = {isa = PBXFileReference; lastKnownFileType = sourcecode.c.objc; path = YUVFrameCopier.m; sourceTree = "<group>"; };
		C31A65FA23940C0200DA1A8F /* YUVFrameFastCopier.h */ = {isa = PBXFileReference; lastKnownFileType = sourcecode.c.h; path = YUVFrameFastCopier.h; sourceTree = "<group>"; };
		C31A65FB23940C0200DA1A8F /* YUVFrameFastCopier.m */ = {isa = PBXFileReference; lastKnownFileType = sourcecode.c.objc; path = YUVFrameFastCopier.m; sourceTree = "<group>"; };
		C31A65FD23940C2900DA1A8F /* SCVideoOutput.h */ = {isa = PBXFileReference; lastKnownFileType = sourcecode.c.h; path = SCVideoOutput.h; sourceTree = "<group>"; };
		C31A65FE23940C2900DA1A8F /* SCVideoOutput.m */ = {isa = PBXFileReference; lastKnownFileType = sourcecode.c.objc; path = SCVideoOutput.m; sourceTree = "<group>"; };
		C31A660123940EA500DA1A8F /* ShaderUtils.h */ = {isa = PBXFileReference; lastKnownFileType = sourcecode.c.h; path = ShaderUtils.h; sourceTree = "<group>"; };
		C31A66022394148600DA1A8F /* VideoDecoder.h */ = {isa = PBXFileReference; fileEncoding = 4; lastKnownFileType = sourcecode.c.h; path = VideoDecoder.h; sourceTree = "<group>"; };
		C31A66052394148600DA1A8F /* VideoDecoder.m */ = {isa = PBXFileReference; fileEncoding = 4; lastKnownFileType = sourcecode.c.objc; path = VideoDecoder.m; sourceTree = "<group>"; };
		C31A66072394148700DA1A8F /* VideoToolboxDecoder.m */ = {isa = PBXFileReference; fileEncoding = 4; lastKnownFileType = sourcecode.c.objc; path = VideoToolboxDecoder.m; sourceTree = "<group>"; };
		C31A66082394148700DA1A8F /* VideoToolboxDecoder.h */ = {isa = PBXFileReference; fileEncoding = 4; lastKnownFileType = sourcecode.c.h; path = VideoToolboxDecoder.h; sourceTree = "<group>"; };
		C31A660D2394191500DA1A8F /* libiconv.2.4.0.tbd */ = {isa = PBXFileReference; lastKnownFileType = "sourcecode.text-based-dylib-definition"; name = libiconv.2.4.0.tbd; path = usr/lib/libiconv.2.4.0.tbd; sourceTree = SDKROOT; };
		C31A660F2394193500DA1A8F /* libiconv.tbd */ = {isa = PBXFileReference; lastKnownFileType = "sourcecode.text-based-dylib-definition"; name = libiconv.tbd; path = usr/lib/libiconv.tbd; sourceTree = SDKROOT; };
		C31A66112394194100DA1A8F /* libbz2.tbd */ = {isa = PBXFileReference; lastKnownFileType = "sourcecode.text-based-dylib-definition"; name = libbz2.tbd; path = usr/lib/libbz2.tbd; sourceTree = SDKROOT; };
		C31A66132394195500DA1A8F /* libz.tbd */ = {isa = PBXFileReference; lastKnownFileType = "sourcecode.text-based-dylib-definition"; name = libz.tbd; path = usr/lib/libz.tbd; sourceTree = SDKROOT; };
		C31A66152394197700DA1A8F /* AudioToolbox.framework */ = {isa = PBXFileReference; lastKnownFileType = wrapper.framework; name = AudioToolbox.framework; path = System/Library/Frameworks/AudioToolbox.framework; sourceTree = SDKROOT; };
		C31A66172394198000DA1A8F /* CoreGraphics.framework */ = {isa = PBXFileReference; lastKnownFileType = wrapper.framework; name = CoreGraphics.framework; path = System/Library/Frameworks/CoreGraphics.framework; sourceTree = SDKROOT; };
		C31A66192394198B00DA1A8F /* VideoToolbox.framework */ = {isa = PBXFileReference; lastKnownFileType = wrapper.framework; name = VideoToolbox.framework; path = System/Library/Frameworks/VideoToolbox.framework; sourceTree = SDKROOT; };
		C31A661B2394199600DA1A8F /* CoreMedia.framework */ = {isa = PBXFileReference; lastKnownFileType = wrapper.framework; name = CoreMedia.framework; path = System/Library/Frameworks/CoreMedia.framework; sourceTree = SDKROOT; };
		C31A66202394B23900DA1A8F /* AVSynchronizer.h */ = {isa = PBXFileReference; lastKnownFileType = sourcecode.c.h; path = AVSynchronizer.h; sourceTree = "<group>"; };
		C31A66212394B23900DA1A8F /* AVSynchronizer.m */ = {isa = PBXFileReference; lastKnownFileType = sourcecode.c.objc; path = AVSynchronizer.m; sourceTree = "<group>"; };
		C31A66232394BBEA00DA1A8F /* SCVideoPlayerViewController.h */ = {isa = PBXFileReference; lastKnownFileType = sourcecode.c.h; path = SCVideoPlayerViewController.h; sourceTree = "<group>"; };
		C31A66242394BBEA00DA1A8F /* SCVideoPlayerViewController.m */ = {isa = PBXFileReference; lastKnownFileType = sourcecode.c.objc; path = SCVideoPlayerViewController.m; sourceTree = "<group>"; };
		C31A66262394BDDA00DA1A8F /* ELVideoViewPlayerController.h */ = {isa = PBXFileReference; fileEncoding = 4; lastKnownFileType = sourcecode.c.h; path = ELVideoViewPlayerController.h; sourceTree = "<group>"; };
		C31A66272394BDDA00DA1A8F /* ELVideoViewPlayerController.m */ = {isa = PBXFileReference; fileEncoding = 4; lastKnownFileType = sourcecode.c.objc; path = ELVideoViewPlayerController.m; sourceTree = "<group>"; };
		C31A66282394BDDA00DA1A8F /* LoadingView.h */ = {isa = PBXFileReference; fileEncoding = 4; lastKnownFileType = sourcecode.c.h; path = LoadingView.h; sourceTree = "<group>"; };
		C31A66292394BDDA00DA1A8F /* LoadingView.m */ = {isa = PBXFileReference; fileEncoding = 4; lastKnownFileType = sourcecode.c.objc; path = LoadingView.m; sourceTree = "<group>"; };
		C35EEF7D2393F6C5008475B3 /* VideoPlayer.app */ = {isa = PBXFileReference; explicitFileType = wrapper.application; includeInIndex = 0; path = VideoPlayer.app; sourceTree = BUILT_PRODUCTS_DIR; };
		C35EEF802393F6C6008475B3 /* AppDelegate.h */ = {isa = PBXFileReference; lastKnownFileType = sourcecode.c.h; path = AppDelegate.h; sourceTree = "<group>"; };
		C35EEF812393F6C6008475B3 /* AppDelegate.m */ = {isa = PBXFileReference; lastKnownFileType = sourcecode.c.objc; path = AppDelegate.m; sourceTree = "<group>"; };
		C35EEF832393F6C6008475B3 /* ViewController.h */ = {isa = PBXFileReference; lastKnownFileType = sourcecode.c.h; path = ViewController.h; sourceTree = "<group>"; };
		C35EEF842393F6C6008475B3 /* ViewController.m */ = {isa = PBXFileReference; lastKnownFileType = sourcecode.c.objc; path = ViewController.m; sourceTree = "<group>"; };
		C35EEF872393F6C6008475B3 /* Base */ = {isa = PBXFileReference; lastKnownFileType = file.storyboard; name = Base; path = Base.lproj/Main.storyboard; sourceTree = "<group>"; };
		C35EEF892393F6C7008475B3 /* Assets.xcassets */ = {isa = PBXFileReference; lastKnownFileType = folder.assetcatalog; path = Assets.xcassets; sourceTree = "<group>"; };
		C35EEF8C2393F6C7008475B3 /* Base */ = {isa = PBXFileReference; lastKnownFileType = file.storyboard; name = Base; path = Base.lproj/LaunchScreen.storyboard; sourceTree = "<group>"; };
		C35EEF8E2393F6C7008475B3 /* Info.plist */ = {isa = PBXFileReference; lastKnownFileType = text.plist.xml; path = Info.plist; sourceTree = "<group>"; };
		C35EEF8F2393F6C7008475B3 /* main.m */ = {isa = PBXFileReference; lastKnownFileType = sourcecode.c.objc; path = main.m; sourceTree = "<group>"; };
		C35EEF952393F6C7008475B3 /* VideoPlayerTests.xctest */ = {isa = PBXFileReference; explicitFileType = wrapper.cfbundle; includeInIndex = 0; path = VideoPlayerTests.xctest; sourceTree = BUILT_PRODUCTS_DIR; };
		C35EEF992393F6C7008475B3 /* VideoPlayerTests.m */ = {isa = PBXFileReference; lastKnownFileType = sourcecode.c.objc; path = VideoPlayerTests.m; sourceTree = "<group>"; };
		C35EEF9B2393F6C7008475B3 /* Info.plist */ = {isa = PBXFileReference; lastKnownFileType = text.plist.xml; path = Info.plist; sourceTree = "<group>"; };
		C35EEFA02393F6C7008475B3 /* VideoPlayerUITests.xctest */ = {isa = PBXFileReference; explicitFileType = wrapper.cfbundle; includeInIndex = 0; path = VideoPlayerUITests.xctest; sourceTree = BUILT_PRODUCTS_DIR; };
		C35EEFA42393F6C7008475B3 /* VideoPlayerUITests.m */ = {isa = PBXFileReference; lastKnownFileType = sourcecode.c.objc; path = VideoPlayerUITests.m; sourceTree = "<group>"; };
		C35EEFA62393F6C7008475B3 /* Info.plist */ = {isa = PBXFileReference; lastKnownFileType = text.plist.xml; path = Info.plist; sourceTree = "<group>"; };
/* End PBXFileReference section */

/* Begin PBXFrameworksBuildPhase section */
		C35EEF7A2393F6C5008475B3 /* Frameworks */ = {
			isa = PBXFrameworksBuildPhase;
			buildActionMask = 2147483647;
			files = (
				C31A661E239419CD00DA1A8F /* libbz2.tbd in Frameworks */,
				C31A661D239419B600DA1A8F /* libz.tbd in Frameworks */,
				C31A661F239419E100DA1A8F /* libiconv.tbd in Frameworks */,
				C31A65C22393FC5D00DA1A8F /* libavdevice.a in Frameworks */,
				C31A65C42393FC5D00DA1A8F /* libswscale.a in Frameworks */,
				C31A65BF2393FC5D00DA1A8F /* libavfilter.a in Frameworks */,
				C31A65BE2393FC5D00DA1A8F /* libavutil.a in Frameworks */,
				C31A65C02393FC5D00DA1A8F /* libavcodec.a in Frameworks */,
				C31A65C32393FC5D00DA1A8F /* libswresample.a in Frameworks */,
				C31A65C12393FC5D00DA1A8F /* libavformat.a in Frameworks */,
			);
			runOnlyForDeploymentPostprocessing = 0;
		};
		C35EEF922393F6C7008475B3 /* Frameworks */ = {
			isa = PBXFrameworksBuildPhase;
			buildActionMask = 2147483647;
			files = (
			);
			runOnlyForDeploymentPostprocessing = 0;
		};
		C35EEF9D2393F6C7008475B3 /* Frameworks */ = {
			isa = PBXFrameworksBuildPhase;
			buildActionMask = 2147483647;
			files = (
			);
			runOnlyForDeploymentPostprocessing = 0;
		};
/* End PBXFrameworksBuildPhase section */

/* Begin PBXGroup section */
		C31A653C2393FC5D00DA1A8F /* FFmpeg-iOS */ = {
			isa = PBXGroup;
			children = (
				C31A653D2393FC5D00DA1A8F /* include */,
				C31A65B62393FC5D00DA1A8F /* lib */,
			);
			path = "FFmpeg-iOS";
			sourceTree = "<group>";
		};
		C31A653D2393FC5D00DA1A8F /* include */ = {
			isa = PBXGroup;
			children = (
				C31A653E2393FC5D00DA1A8F /* libavfilter */,
				C31A65432393FC5D00DA1A8F /* libavutil */,
				C31A65962393FC5D00DA1A8F /* libavdevice */,
				C31A65992393FC5D00DA1A8F /* libavformat */,
				C31A659D2393FC5D00DA1A8F /* libswscale */,
				C31A65A02393FC5D00DA1A8F /* libavcodec */,
				C31A65B32393FC5D00DA1A8F /* libswresample */,
			);
			path = include;
			sourceTree = "<group>";
		};
		C31A653E2393FC5D00DA1A8F /* libavfilter */ = {
			isa = PBXGroup;
			children = (
				C31A653F2393FC5D00DA1A8F /* version.h */,
				C31A65402393FC5D00DA1A8F /* buffersrc.h */,
				C31A65412393FC5D00DA1A8F /* buffersink.h */,
				C31A65422393FC5D00DA1A8F /* avfilter.h */,
			);
			path = libavfilter;
			sourceTree = "<group>";
		};
		C31A65432393FC5D00DA1A8F /* libavutil */ = {
			isa = PBXGroup;
			children = (
				C31A65442393FC5D00DA1A8F /* hwcontext.h */,
				C31A65452393FC5D00DA1A8F /* time.h */,
				C31A65462393FC5D00DA1A8F /* hwcontext_cuda.h */,
				C31A65472393FC5D00DA1A8F /* intfloat.h */,
				C31A65482393FC5D00DA1A8F /* error.h */,
				C31A65492393FC5D00DA1A8F /* fifo.h */,
				C31A654A2393FC5D00DA1A8F /* blowfish.h */,
				C31A654B2393FC5D00DA1A8F /* hwcontext_mediacodec.h */,
				C31A654C2393FC5D00DA1A8F /* replaygain.h */,
				C31A654D2393FC5D00DA1A8F /* version.h */,
				C31A654E2393FC5D00DA1A8F /* murmur3.h */,
				C31A654F2393FC5D00DA1A8F /* stereo3d.h */,
				C31A65502393FC5D00DA1A8F /* samplefmt.h */,
				C31A65512393FC5D00DA1A8F /* pixdesc.h */,
				C31A65522393FC5D00DA1A8F /* base64.h */,
				C31A65532393FC5D00DA1A8F /* rational.h */,
				C31A65542393FC5D00DA1A8F /* sha.h */,
				C31A65552393FC5D00DA1A8F /* motion_vector.h */,
				C31A65562393FC5D00DA1A8F /* avconfig.h */,
				C31A65572393FC5D00DA1A8F /* lfg.h */,
				C31A65582393FC5D00DA1A8F /* avutil.h */,
				C31A65592393FC5D00DA1A8F /* xtea.h */,
				C31A655A2393FC5D00DA1A8F /* crc.h */,
				C31A655B2393FC5D00DA1A8F /* hwcontext_vdpau.h */,
				C31A655C2393FC5D00DA1A8F /* frame.h */,
				C31A655D2393FC5D00DA1A8F /* file.h */,
				C31A655E2393FC5D00DA1A8F /* md5.h */,
				C31A655F2393FC5D00DA1A8F /* cast5.h */,
				C31A65602393FC5D00DA1A8F /* hwcontext_vaapi.h */,
				C31A65612393FC5D00DA1A8F /* spherical.h */,
				C31A65622393FC5D00DA1A8F /* ffversion.h */,
				C31A65632393FC5D00DA1A8F /* audio_fifo.h */,
				C31A65642393FC5D00DA1A8F /* tree.h */,
				C31A65652393FC5D00DA1A8F /* threadmessage.h */,
				C31A65662393FC5D00DA1A8F /* attributes.h */,
				C31A65672393FC5D00DA1A8F /* adler32.h */,
				C31A65682393FC5D00DA1A8F /* hwcontext_d3d11va.h */,
				C31A65692393FC5D00DA1A8F /* timecode.h */,
				C31A656A2393FC5D00DA1A8F /* tx.h */,
				C31A656B2393FC5D00DA1A8F /* sha512.h */,
				C31A656C2393FC5D00DA1A8F /* hwcontext_dxva2.h */,
				C31A656D2393FC5D00DA1A8F /* display.h */,
				C31A656E2393FC5D00DA1A8F /* buffer.h */,
				C31A656F2393FC5D00DA1A8F /* camellia.h */,
				C31A65702393FC5D00DA1A8F /* pixelutils.h */,
				C31A65712393FC5D00DA1A8F /* hwcontext_drm.h */,
				C31A65722393FC5D00DA1A8F /* common.h */,
				C31A65732393FC5D00DA1A8F /* hmac.h */,
				C31A65742393FC5D00DA1A8F /* eval.h */,
				C31A65752393FC5D00DA1A8F /* dict.h */,
				C31A65762393FC5D00DA1A8F /* random_seed.h */,
				C31A65772393FC5D00DA1A8F /* opt.h */,
				C31A65782393FC5D00DA1A8F /* mastering_display_metadata.h */,
				C31A65792393FC5D00DA1A8F /* log.h */,
				C31A657A2393FC5D00DA1A8F /* aes.h */,
				C31A657B2393FC5D00DA1A8F /* macros.h */,
				C31A657C2393FC5D00DA1A8F /* bswap.h */,
				C31A657D2393FC5D00DA1A8F /* rc4.h */,
				C31A657E2393FC5D00DA1A8F /* tea.h */,
				C31A657F2393FC5D00DA1A8F /* cpu.h */,
				C31A65802393FC5D00DA1A8F /* lzo.h */,
				C31A65812393FC5D00DA1A8F /* des.h */,
				C31A65822393FC5D00DA1A8F /* channel_layout.h */,
				C31A65832393FC5D00DA1A8F /* encryption_info.h */,
				C31A65842393FC5D00DA1A8F /* twofish.h */,
				C31A65852393FC5D00DA1A8F /* imgutils.h */,
				C31A65862393FC5D00DA1A8F /* hwcontext_videotoolbox.h */,
				C31A65872393FC5D00DA1A8F /* mem.h */,
				C31A65882393FC5D00DA1A8F /* parseutils.h */,
				C31A65892393FC5D00DA1A8F /* ripemd.h */,
				C31A658A2393FC5D00DA1A8F /* bprint.h */,
				C31A658B2393FC5D00DA1A8F /* hdr_dynamic_metadata.h */,
				C31A658C2393FC5D00DA1A8F /* hwcontext_qsv.h */,
				C31A658D2393FC5D00DA1A8F /* pixfmt.h */,
				C31A658E2393FC5D00DA1A8F /* aes_ctr.h */,
				C31A658F2393FC5D00DA1A8F /* timestamp.h */,
				C31A65902393FC5D00DA1A8F /* downmix_info.h */,
				C31A65912393FC5D00DA1A8F /* avassert.h */,
				C31A65922393FC5D00DA1A8F /* hash.h */,
				C31A65932393FC5D00DA1A8F /* mathematics.h */,
				C31A65942393FC5D00DA1A8F /* intreadwrite.h */,
				C31A65952393FC5D00DA1A8F /* avstring.h */,
			);
			path = libavutil;
			sourceTree = "<group>";
		};
		C31A65962393FC5D00DA1A8F /* libavdevice */ = {
			isa = PBXGroup;
			children = (
				C31A65972393FC5D00DA1A8F /* version.h */,
				C31A65982393FC5D00DA1A8F /* avdevice.h */,
			);
			path = libavdevice;
			sourceTree = "<group>";
		};
		C31A65992393FC5D00DA1A8F /* libavformat */ = {
			isa = PBXGroup;
			children = (
				C31A659A2393FC5D00DA1A8F /* version.h */,
				C31A659B2393FC5D00DA1A8F /* avio.h */,
				C31A659C2393FC5D00DA1A8F /* avformat.h */,
			);
			path = libavformat;
			sourceTree = "<group>";
		};
		C31A659D2393FC5D00DA1A8F /* libswscale */ = {
			isa = PBXGroup;
			children = (
				C31A659E2393FC5D00DA1A8F /* version.h */,
				C31A659F2393FC5D00DA1A8F /* swscale.h */,
			);
			path = libswscale;
			sourceTree = "<group>";
		};
		C31A65A02393FC5D00DA1A8F /* libavcodec */ = {
			isa = PBXGroup;
			children = (
				C31A65A12393FC5D00DA1A8F /* adts_parser.h */,
				C31A65A22393FC5D00DA1A8F /* avcodec.h */,
				C31A65A32393FC5D00DA1A8F /* version.h */,
				C31A65A42393FC5D00DA1A8F /* vdpau.h */,
				C31A65A52393FC5D00DA1A8F /* qsv.h */,
				C31A65A62393FC5D00DA1A8F /* vaapi.h */,
				C31A65A72393FC5D00DA1A8F /* videotoolbox.h */,
				C31A65A82393FC5D00DA1A8F /* xvmc.h */,
				C31A65A92393FC5D00DA1A8F /* mediacodec.h */,
				C31A65AA2393FC5D00DA1A8F /* d3d11va.h */,
				C31A65AB2393FC5D00DA1A8F /* avfft.h */,
				C31A65AC2393FC5D00DA1A8F /* jni.h */,
				C31A65AD2393FC5D00DA1A8F /* dirac.h */,
				C31A65AE2393FC5D00DA1A8F /* avdct.h */,
				C31A65AF2393FC5D00DA1A8F /* ac3_parser.h */,
				C31A65B02393FC5D00DA1A8F /* vorbis_parser.h */,
				C31A65B12393FC5D00DA1A8F /* dxva2.h */,
				C31A65B22393FC5D00DA1A8F /* dv_profile.h */,
			);
			path = libavcodec;
			sourceTree = "<group>";
		};
		C31A65B32393FC5D00DA1A8F /* libswresample */ = {
			isa = PBXGroup;
			children = (
				C31A65B42393FC5D00DA1A8F /* version.h */,
				C31A65B52393FC5D00DA1A8F /* swresample.h */,
			);
			path = libswresample;
			sourceTree = "<group>";
		};
		C31A65B62393FC5D00DA1A8F /* lib */ = {
			isa = PBXGroup;
			children = (
				C31A65B72393FC5D00DA1A8F /* libavutil.a */,
				C31A65B82393FC5D00DA1A8F /* libavfilter.a */,
				C31A65B92393FC5D00DA1A8F /* libavcodec.a */,
				C31A65BA2393FC5D00DA1A8F /* libavformat.a */,
				C31A65BB2393FC5D00DA1A8F /* libavdevice.a */,
				C31A65BC2393FC5D00DA1A8F /* libswresample.a */,
				C31A65BD2393FC5D00DA1A8F /* libswscale.a */,
			);
			path = lib;
			sourceTree = "<group>";
		};
		C31A65C52393FCA100DA1A8F /* resource */ = {
			isa = PBXGroup;
			children = (
				C31A65C62393FCA100DA1A8F /* test.flv */,
			);
			path = resource;
			sourceTree = "<group>";
		};
		C31A65CE2393FE2F00DA1A8F /* Utils */ = {
			isa = PBXGroup;
			children = (
				C31A65D02393FE2F00DA1A8F /* CommonUtil.h */,
				C31A65CF2393FE2F00DA1A8F /* CommonUtil.m */,
			);
			path = Utils;
			sourceTree = "<group>";
		};
		C31A65D22393FE8700DA1A8F /* VideoPlayer */ = {
			isa = PBXGroup;
			children = (
				C31A65DE2393FF1E00DA1A8F /* Sync */,
				C31A65D42393FE9F00DA1A8F /* AudioOutput */,
				C31A65DF2393FF2700DA1A8F /* VideoOutput */,
				C31A65CE2393FE2F00DA1A8F /* Utils */,
				C31A66232394BBEA00DA1A8F /* SCVideoPlayerViewController.h */,
				C31A66242394BBEA00DA1A8F /* SCVideoPlayerViewController.m */,
			);
			path = VideoPlayer;
			sourceTree = "<group>";
		};
		C31A65D42393FE9F00DA1A8F /* AudioOutput */ = {
			isa = PBXGroup;
			children = (
				C31A65E42393FFB100DA1A8F /* SCAudioOutput.h */,
				C31A65E12393FFB100DA1A8F /* SCAudioOutput.m */,
				C31A65E22393FFB100DA1A8F /* SCAudioSession.h */,
				C31A65E32393FFB100DA1A8F /* SCAudioSession.m */,
				C31A65E52393FFB100DA1A8F /* AVAudioSession+RouteUtils.h */,
				C31A65E62393FFB100DA1A8F /* AVAudioSession+RouteUtils.m */,
			);
			path = AudioOutput;
			sourceTree = "<group>";
		};
		C31A65DE2393FF1E00DA1A8F /* Sync */ = {
			isa = PBXGroup;
			children = (
				C31A66202394B23900DA1A8F /* AVSynchronizer.h */,
				C31A66212394B23900DA1A8F /* AVSynchronizer.m */,
				C31A65E02393FF4D00DA1A8F /* Decoder */,
			);
			path = Sync;
			sourceTree = "<group>";
		};
		C31A65DF2393FF2700DA1A8F /* VideoOutput */ = {
			isa = PBXGroup;
			children = (
				C31A65EA23940B1100DA1A8F /* Render */,
				C31A65FD23940C2900DA1A8F /* SCVideoOutput.h */,
				C31A65FE23940C2900DA1A8F /* SCVideoOutput.m */,
			);
			path = VideoOutput;
			sourceTree = "<group>";
		};
		C31A65E02393FF4D00DA1A8F /* Decoder */ = {
			isa = PBXGroup;
			children = (
				C31A66062394148700DA1A8F /* hw_decoder */,
				C31A66022394148600DA1A8F /* VideoDecoder.h */,
				C31A66052394148600DA1A8F /* VideoDecoder.m */,
			);
			path = Decoder;
			sourceTree = "<group>";
		};
		C31A65EA23940B1100DA1A8F /* Render */ = {
			isa = PBXGroup;
			children = (
				C31A65ED23940B7E00DA1A8F /* BaseEffectFilter.h */,
				C31A65EE23940B7E00DA1A8F /* BaseEffectFilter.m */,
				C31A65F323940BBF00DA1A8F /* DirectPassRenderer.h */,
				C31A65F423940BBF00DA1A8F /* DirectPassRenderer.m */,
				C31A65EB23940B2900DA1A8F /* Copier */,
				C31A65EC23940B3500DA1A8F /* Filter */,
				C31A660023940E7C00DA1A8F /* Utils */,
			);
			path = Render;
			sourceTree = "<group>";
		};
		C31A65EB23940B2900DA1A8F /* Copier */ = {
			isa = PBXGroup;
			children = (
				C31A65F723940BEA00DA1A8F /* YUVFrameCopier.h */,
				C31A65F823940BEA00DA1A8F /* YUVFrameCopier.m */,
				C31A65FA23940C0200DA1A8F /* YUVFrameFastCopier.h */,
				C31A65FB23940C0200DA1A8F /* YUVFrameFastCopier.m */,
			);
			path = Copier;
			sourceTree = "<group>";
		};
		C31A65EC23940B3500DA1A8F /* Filter */ = {
			isa = PBXGroup;
			children = (
				C31A65F023940B9900DA1A8F /* ContrastEnhancerFilter.h */,
				C31A65F123940B9900DA1A8F /* ContrastEnhancerFilter.m */,
			);
			path = Filter;
			sourceTree = "<group>";
		};
		C31A660023940E7C00DA1A8F /* Utils */ = {
			isa = PBXGroup;
			children = (
				C31A660123940EA500DA1A8F /* ShaderUtils.h */,
			);
			path = Utils;
			sourceTree = "<group>";
		};
		C31A66062394148700DA1A8F /* hw_decoder */ = {
			isa = PBXGroup;
			children = (
				C31A66082394148700DA1A8F /* VideoToolboxDecoder.h */,
				C31A66072394148700DA1A8F /* VideoToolboxDecoder.m */,
			);
			path = hw_decoder;
			sourceTree = "<group>";
		};
		C31A660C2394191400DA1A8F /* Frameworks */ = {
			isa = PBXGroup;
			children = (
				C31A661B2394199600DA1A8F /* CoreMedia.framework */,
				C31A66192394198B00DA1A8F /* VideoToolbox.framework */,
				C31A66172394198000DA1A8F /* CoreGraphics.framework */,
				C31A66152394197700DA1A8F /* AudioToolbox.framework */,
				C31A66132394195500DA1A8F /* libz.tbd */,
				C31A66112394194100DA1A8F /* libbz2.tbd */,
				C31A660F2394193500DA1A8F /* libiconv.tbd */,
				C31A660D2394191500DA1A8F /* libiconv.2.4.0.tbd */,
			);
			name = Frameworks;
			sourceTree = "<group>";
		};
		C35EEF742393F6C5008475B3 = {
			isa = PBXGroup;
			children = (
				C35EEF7F2393F6C5008475B3 /* VideoPlayer */,
				C35EEF982393F6C7008475B3 /* VideoPlayerTests */,
				C35EEFA32393F6C7008475B3 /* VideoPlayerUITests */,
				C35EEF7E2393F6C5008475B3 /* Products */,
				C31A660C2394191400DA1A8F /* Frameworks */,
			);
			sourceTree = "<group>";
		};
		C35EEF7E2393F6C5008475B3 /* Products */ = {
			isa = PBXGroup;
			children = (
				C35EEF7D2393F6C5008475B3 /* VideoPlayer.app */,
				C35EEF952393F6C7008475B3 /* VideoPlayerTests.xctest */,
				C35EEFA02393F6C7008475B3 /* VideoPlayerUITests.xctest */,
			);
			name = Products;
			sourceTree = "<group>";
		};
		C35EEF7F2393F6C5008475B3 /* VideoPlayer */ = {
			isa = PBXGroup;
			children = (
				C31A66262394BDDA00DA1A8F /* ELVideoViewPlayerController.h */,
				C31A66272394BDDA00DA1A8F /* ELVideoViewPlayerController.m */,
				C31A66282394BDDA00DA1A8F /* LoadingView.h */,
				C31A66292394BDDA00DA1A8F /* LoadingView.m */,
				C31A65D22393FE8700DA1A8F /* VideoPlayer */,
				C31A653C2393FC5D00DA1A8F /* FFmpeg-iOS */,
				C31A65C52393FCA100DA1A8F /* resource */,
				C35EEF802393F6C6008475B3 /* AppDelegate.h */,
				C35EEF812393F6C6008475B3 /* AppDelegate.m */,
				C35EEF832393F6C6008475B3 /* ViewController.h */,
				C35EEF842393F6C6008475B3 /* ViewController.m */,
				C35EEF862393F6C6008475B3 /* Main.storyboard */,
				C35EEF892393F6C7008475B3 /* Assets.xcassets */,
				C35EEF8B2393F6C7008475B3 /* LaunchScreen.storyboard */,
				C35EEF8E2393F6C7008475B3 /* Info.plist */,
				C35EEF8F2393F6C7008475B3 /* main.m */,
			);
			path = VideoPlayer;
			sourceTree = "<group>";
		};
		C35EEF982393F6C7008475B3 /* VideoPlayerTests */ = {
			isa = PBXGroup;
			children = (
				C35EEF992393F6C7008475B3 /* VideoPlayerTests.m */,
				C35EEF9B2393F6C7008475B3 /* Info.plist */,
			);
			path = VideoPlayerTests;
			sourceTree = "<group>";
		};
		C35EEFA32393F6C7008475B3 /* VideoPlayerUITests */ = {
			isa = PBXGroup;
			children = (
				C35EEFA42393F6C7008475B3 /* VideoPlayerUITests.m */,
				C35EEFA62393F6C7008475B3 /* Info.plist */,
			);
			path = VideoPlayerUITests;
			sourceTree = "<group>";
		};
/* End PBXGroup section */

/* Begin PBXNativeTarget section */
		C35EEF7C2393F6C5008475B3 /* VideoPlayer */ = {
			isa = PBXNativeTarget;
			buildConfigurationList = C35EEFA92393F6C7008475B3 /* Build configuration list for PBXNativeTarget "VideoPlayer" */;
			buildPhases = (
				C35EEF792393F6C5008475B3 /* Sources */,
				C35EEF7A2393F6C5008475B3 /* Frameworks */,
				C35EEF7B2393F6C5008475B3 /* Resources */,
			);
			buildRules = (
			);
			dependencies = (
			);
			name = VideoPlayer;
			productName = VideoPlayer;
			productReference = C35EEF7D2393F6C5008475B3 /* VideoPlayer.app */;
			productType = "com.apple.product-type.application";
		};
		C35EEF942393F6C7008475B3 /* VideoPlayerTests */ = {
			isa = PBXNativeTarget;
			buildConfigurationList = C35EEFAC2393F6C7008475B3 /* Build configuration list for PBXNativeTarget "VideoPlayerTests" */;
			buildPhases = (
				C35EEF912393F6C7008475B3 /* Sources */,
				C35EEF922393F6C7008475B3 /* Frameworks */,
				C35EEF932393F6C7008475B3 /* Resources */,
			);
			buildRules = (
			);
			dependencies = (
				C35EEF972393F6C7008475B3 /* PBXTargetDependency */,
			);
			name = VideoPlayerTests;
			productName = VideoPlayerTests;
			productReference = C35EEF952393F6C7008475B3 /* VideoPlayerTests.xctest */;
			productType = "com.apple.product-type.bundle.unit-test";
		};
		C35EEF9F2393F6C7008475B3 /* VideoPlayerUITests */ = {
			isa = PBXNativeTarget;
			buildConfigurationList = C35EEFAF2393F6C7008475B3 /* Build configuration list for PBXNativeTarget "VideoPlayerUITests" */;
			buildPhases = (
				C35EEF9C2393F6C7008475B3 /* Sources */,
				C35EEF9D2393F6C7008475B3 /* Frameworks */,
				C35EEF9E2393F6C7008475B3 /* Resources */,
			);
			buildRules = (
			);
			dependencies = (
				C35EEFA22393F6C7008475B3 /* PBXTargetDependency */,
			);
			name = VideoPlayerUITests;
			productName = VideoPlayerUITests;
			productReference = C35EEFA02393F6C7008475B3 /* VideoPlayerUITests.xctest */;
			productType = "com.apple.product-type.bundle.ui-testing";
		};
/* End PBXNativeTarget section */

/* Begin PBXProject section */
		C35EEF752393F6C5008475B3 /* Project object */ = {
			isa = PBXProject;
			attributes = {
				LastUpgradeCheck = 1000;
				ORGANIZATIONNAME = cppteam;
				TargetAttributes = {
					C35EEF7C2393F6C5008475B3 = {
						CreatedOnToolsVersion = 10.0;
					};
					C35EEF942393F6C7008475B3 = {
						CreatedOnToolsVersion = 10.0;
						TestTargetID = C35EEF7C2393F6C5008475B3;
					};
					C35EEF9F2393F6C7008475B3 = {
						CreatedOnToolsVersion = 10.0;
						TestTargetID = C35EEF7C2393F6C5008475B3;
					};
				};
			};
			buildConfigurationList = C35EEF782393F6C5008475B3 /* Build configuration list for PBXProject "VideoPlayer" */;
			compatibilityVersion = "Xcode 9.3";
			developmentRegion = en;
			hasScannedForEncodings = 0;
			knownRegions = (
				en,
				Base,
			);
			mainGroup = C35EEF742393F6C5008475B3;
			productRefGroup = C35EEF7E2393F6C5008475B3 /* Products */;
			projectDirPath = "";
			projectRoot = "";
			targets = (
				C35EEF7C2393F6C5008475B3 /* VideoPlayer */,
				C35EEF942393F6C7008475B3 /* VideoPlayerTests */,
				C35EEF9F2393F6C7008475B3 /* VideoPlayerUITests */,
			);
		};
/* End PBXProject section */

/* Begin PBXResourcesBuildPhase section */
		C35EEF7B2393F6C5008475B3 /* Resources */ = {
			isa = PBXResourcesBuildPhase;
			buildActionMask = 2147483647;
			files = (
				C35EEF8D2393F6C7008475B3 /* LaunchScreen.storyboard in Resources */,
				C35EEF8A2393F6C7008475B3 /* Assets.xcassets in Resources */,
				C31A65C82393FCA200DA1A8F /* test.flv in Resources */,
				C35EEF882393F6C6008475B3 /* Main.storyboard in Resources */,
			);
			runOnlyForDeploymentPostprocessing = 0;
		};
		C35EEF932393F6C7008475B3 /* Resources */ = {
			isa = PBXResourcesBuildPhase;
			buildActionMask = 2147483647;
			files = (
			);
			runOnlyForDeploymentPostprocessing = 0;
		};
		C35EEF9E2393F6C7008475B3 /* Resources */ = {
			isa = PBXResourcesBuildPhase;
			buildActionMask = 2147483647;
			files = (
			);
			runOnlyForDeploymentPostprocessing = 0;
		};
/* End PBXResourcesBuildPhase section */

/* Begin PBXSourcesBuildPhase section */
		C35EEF792393F6C5008475B3 /* Sources */ = {
			isa = PBXSourcesBuildPhase;
			buildActionMask = 2147483647;
			files = (
				C31A66252394BBEA00DA1A8F /* SCVideoPlayerViewController.m in Sources */,
				C31A66222394B23900DA1A8F /* AVSynchronizer.m in Sources */,
				C31A65FF23940C2900DA1A8F /* SCVideoOutput.m in Sources */,
				C31A65E72393FFB200DA1A8F /* SCAudioOutput.m in Sources */,
				C35EEF852393F6C6008475B3 /* ViewController.m in Sources */,
				C31A65F223940B9900DA1A8F /* ContrastEnhancerFilter.m in Sources */,
				C31A660B2394148700DA1A8F /* VideoToolboxDecoder.m in Sources */,
				C31A662B2394BDDA00DA1A8F /* LoadingView.m in Sources */,
				C31A65E92393FFB200DA1A8F /* AVAudioSession+RouteUtils.m in Sources */,
				C31A65EF23940B7E00DA1A8F /* BaseEffectFilter.m in Sources */,
				C35EEF902393F6C7008475B3 /* main.m in Sources */,
				C31A65FC23940C0200DA1A8F /* YUVFrameFastCopier.m in Sources */,
				C31A65F923940BEA00DA1A8F /* YUVFrameCopier.m in Sources */,
				C31A65E82393FFB200DA1A8F /* SCAudioSession.m in Sources */,
				C31A65D12393FE2F00DA1A8F /* CommonUtil.m in Sources */,
				C31A65F523940BBF00DA1A8F /* DirectPassRenderer.m in Sources */,
				C35EEF822393F6C6008475B3 /* AppDelegate.m in Sources */,
				C31A662A2394BDDA00DA1A8F /* ELVideoViewPlayerController.m in Sources */,
				C31A660A2394148700DA1A8F /* VideoDecoder.m in Sources */,
			);
			runOnlyForDeploymentPostprocessing = 0;
		};
		C35EEF912393F6C7008475B3 /* Sources */ = {
			isa = PBXSourcesBuildPhase;
			buildActionMask = 2147483647;
			files = (
				C35EEF9A2393F6C7008475B3 /* VideoPlayerTests.m in Sources */,
			);
			runOnlyForDeploymentPostprocessing = 0;
		};
		C35EEF9C2393F6C7008475B3 /* Sources */ = {
			isa = PBXSourcesBuildPhase;
			buildActionMask = 2147483647;
			files = (
				C35EEFA52393F6C7008475B3 /* VideoPlayerUITests.m in Sources */,
			);
			runOnlyForDeploymentPostprocessing = 0;
		};
/* End PBXSourcesBuildPhase section */

/* Begin PBXTargetDependency section */
		C35EEF972393F6C7008475B3 /* PBXTargetDependency */ = {
			isa = PBXTargetDependency;
			target = C35EEF7C2393F6C5008475B3 /* VideoPlayer */;
			targetProxy = C35EEF962393F6C7008475B3 /* PBXContainerItemProxy */;
		};
		C35EEFA22393F6C7008475B3 /* PBXTargetDependency */ = {
			isa = PBXTargetDependency;
			target = C35EEF7C2393F6C5008475B3 /* VideoPlayer */;
			targetProxy = C35EEFA12393F6C7008475B3 /* PBXContainerItemProxy */;
		};
/* End PBXTargetDependency section */

/* Begin PBXVariantGroup section */
		C35EEF862393F6C6008475B3 /* Main.storyboard */ = {
			isa = PBXVariantGroup;
			children = (
				C35EEF872393F6C6008475B3 /* Base */,
			);
			name = Main.storyboard;
			sourceTree = "<group>";
		};
		C35EEF8B2393F6C7008475B3 /* LaunchScreen.storyboard */ = {
			isa = PBXVariantGroup;
			children = (
				C35EEF8C2393F6C7008475B3 /* Base */,
			);
			name = LaunchScreen.storyboard;
			sourceTree = "<group>";
		};
/* End PBXVariantGroup section */

/* Begin XCBuildConfiguration section */
		C35EEFA72393F6C7008475B3 /* Debug */ = {
			isa = XCBuildConfiguration;
			buildSettings = {
				ALWAYS_SEARCH_USER_PATHS = NO;
				CLANG_ANALYZER_NONNULL = YES;
				CLANG_ANALYZER_NUMBER_OBJECT_CONVERSION = YES_AGGRESSIVE;
				CLANG_CXX_LANGUAGE_STANDARD = "gnu++14";
				CLANG_CXX_LIBRARY = "libc++";
				CLANG_ENABLE_MODULES = YES;
				CLANG_ENABLE_OBJC_ARC = YES;
				CLANG_ENABLE_OBJC_WEAK = YES;
				CLANG_WARN_BLOCK_CAPTURE_AUTORELEASING = YES;
				CLANG_WARN_BOOL_CONVERSION = YES;
				CLANG_WARN_COMMA = YES;
				CLANG_WARN_CONSTANT_CONVERSION = YES;
				CLANG_WARN_DEPRECATED_OBJC_IMPLEMENTATIONS = YES;
				CLANG_WARN_DIRECT_OBJC_ISA_USAGE = YES_ERROR;
				CLANG_WARN_DOCUMENTATION_COMMENTS = YES;
				CLANG_WARN_EMPTY_BODY = YES;
				CLANG_WARN_ENUM_CONVERSION = YES;
				CLANG_WARN_INFINITE_RECURSION = YES;
				CLANG_WARN_INT_CONVERSION = YES;
				CLANG_WARN_NON_LITERAL_NULL_CONVERSION = YES;
				CLANG_WARN_OBJC_IMPLICIT_RETAIN_SELF = YES;
				CLANG_WARN_OBJC_LITERAL_CONVERSION = YES;
				CLANG_WARN_OBJC_ROOT_CLASS = YES_ERROR;
				CLANG_WARN_RANGE_LOOP_ANALYSIS = YES;
				CLANG_WARN_STRICT_PROTOTYPES = YES;
				CLANG_WARN_SUSPICIOUS_MOVE = YES;
				CLANG_WARN_UNGUARDED_AVAILABILITY = YES_AGGRESSIVE;
				CLANG_WARN_UNREACHABLE_CODE = YES;
				CLANG_WARN__DUPLICATE_METHOD_MATCH = YES;
				CODE_SIGN_IDENTITY = "iPhone Developer";
				COPY_PHASE_STRIP = NO;
				DEBUG_INFORMATION_FORMAT = dwarf;
				ENABLE_STRICT_OBJC_MSGSEND = YES;
				ENABLE_TESTABILITY = YES;
				GCC_C_LANGUAGE_STANDARD = gnu11;
				GCC_DYNAMIC_NO_PIC = NO;
				GCC_NO_COMMON_BLOCKS = YES;
				GCC_OPTIMIZATION_LEVEL = 0;
				GCC_PREPROCESSOR_DEFINITIONS = (
					"DEBUG=1",
					"$(inherited)",
				);
				GCC_WARN_64_TO_32_BIT_CONVERSION = YES;
				GCC_WARN_ABOUT_RETURN_TYPE = YES_ERROR;
				GCC_WARN_UNDECLARED_SELECTOR = YES;
				GCC_WARN_UNINITIALIZED_AUTOS = YES_AGGRESSIVE;
				GCC_WARN_UNUSED_FUNCTION = YES;
				GCC_WARN_UNUSED_VARIABLE = YES;
				IPHONEOS_DEPLOYMENT_TARGET = 12.0;
				MTL_ENABLE_DEBUG_INFO = INCLUDE_SOURCE;
				MTL_FAST_MATH = YES;
				ONLY_ACTIVE_ARCH = YES;
				SDKROOT = iphoneos;
			};
			name = Debug;
		};
		C35EEFA82393F6C7008475B3 /* Release */ = {
			isa = XCBuildConfiguration;
			buildSettings = {
				ALWAYS_SEARCH_USER_PATHS = NO;
				CLANG_ANALYZER_NONNULL = YES;
				CLANG_ANALYZER_NUMBER_OBJECT_CONVERSION = YES_AGGRESSIVE;
				CLANG_CXX_LANGUAGE_STANDARD = "gnu++14";
				CLANG_CXX_LIBRARY = "libc++";
				CLANG_ENABLE_MODULES = YES;
				CLANG_ENABLE_OBJC_ARC = YES;
				CLANG_ENABLE_OBJC_WEAK = YES;
				CLANG_WARN_BLOCK_CAPTURE_AUTORELEASING = YES;
				CLANG_WARN_BOOL_CONVERSION = YES;
				CLANG_WARN_COMMA = YES;
				CLANG_WARN_CONSTANT_CONVERSION = YES;
				CLANG_WARN_DEPRECATED_OBJC_IMPLEMENTATIONS = YES;
				CLANG_WARN_DIRECT_OBJC_ISA_USAGE = YES_ERROR;
				CLANG_WARN_DOCUMENTATION_COMMENTS = YES;
				CLANG_WARN_EMPTY_BODY = YES;
				CLANG_WARN_ENUM_CONVERSION = YES;
				CLANG_WARN_INFINITE_RECURSION = YES;
				CLANG_WARN_INT_CONVERSION = YES;
				CLANG_WARN_NON_LITERAL_NULL_CONVERSION = YES;
				CLANG_WARN_OBJC_IMPLICIT_RETAIN_SELF = YES;
				CLANG_WARN_OBJC_LITERAL_CONVERSION = YES;
				CLANG_WARN_OBJC_ROOT_CLASS = YES_ERROR;
				CLANG_WARN_RANGE_LOOP_ANALYSIS = YES;
				CLANG_WARN_STRICT_PROTOTYPES = YES;
				CLANG_WARN_SUSPICIOUS_MOVE = YES;
				CLANG_WARN_UNGUARDED_AVAILABILITY = YES_AGGRESSIVE;
				CLANG_WARN_UNREACHABLE_CODE = YES;
				CLANG_WARN__DUPLICATE_METHOD_MATCH = YES;
				CODE_SIGN_IDENTITY = "iPhone Developer";
				COPY_PHASE_STRIP = NO;
				DEBUG_INFORMATION_FORMAT = "dwarf-with-dsym";
				ENABLE_NS_ASSERTIONS = NO;
				ENABLE_STRICT_OBJC_MSGSEND = YES;
				GCC_C_LANGUAGE_STANDARD = gnu11;
				GCC_NO_COMMON_BLOCKS = YES;
				GCC_WARN_64_TO_32_BIT_CONVERSION = YES;
				GCC_WARN_ABOUT_RETURN_TYPE = YES_ERROR;
				GCC_WARN_UNDECLARED_SELECTOR = YES;
				GCC_WARN_UNINITIALIZED_AUTOS = YES_AGGRESSIVE;
				GCC_WARN_UNUSED_FUNCTION = YES;
				GCC_WARN_UNUSED_VARIABLE = YES;
				IPHONEOS_DEPLOYMENT_TARGET = 12.0;
				MTL_ENABLE_DEBUG_INFO = NO;
				MTL_FAST_MATH = YES;
				SDKROOT = iphoneos;
				VALIDATE_PRODUCT = YES;
			};
			name = Release;
		};
		C35EEFAA2393F6C7008475B3 /* Debug */ = {
			isa = XCBuildConfiguration;
			buildSettings = {
				ASSETCATALOG_COMPILER_APPICON_NAME = AppIcon;
				CODE_SIGN_STYLE = Automatic;
				HEADER_SEARCH_PATHS = "$(PROJECT_DIR)/VideoPlayer/FFmpeg-iOS/include";
				INFOPLIST_FILE = VideoPlayer/Info.plist;
				LD_RUNPATH_SEARCH_PATHS = (
					"$(inherited)",
					"@executable_path/Frameworks",
				);
				LIBRARY_SEARCH_PATHS = (
					"$(inherited)",
					"$(PROJECT_DIR)/VideoPlayer/FFmpeg-iOS/lib",
				);
				PRODUCT_BUNDLE_IDENTIFIER = com.seacen.VideoPlayer;
				PRODUCT_NAME = "$(TARGET_NAME)";
				TARGETED_DEVICE_FAMILY = "1,2";
			};
			name = Debug;
		};
		C35EEFAB2393F6C7008475B3 /* Release */ = {
			isa = XCBuildConfiguration;
			buildSettings = {
				ASSETCATALOG_COMPILER_APPICON_NAME = AppIcon;
				CODE_SIGN_STYLE = Automatic;
				HEADER_SEARCH_PATHS = "$(PROJECT_DIR)/VideoPlayer/FFmpeg-iOS/include";
				INFOPLIST_FILE = VideoPlayer/Info.plist;
				LD_RUNPATH_SEARCH_PATHS = (
					"$(inherited)",
					"@executable_path/Frameworks",
				);
				LIBRARY_SEARCH_PATHS = (
					"$(inherited)",
					"$(PROJECT_DIR)/VideoPlayer/FFmpeg-iOS/lib",
				);
				PRODUCT_BUNDLE_IDENTIFIER = com.seacen.VideoPlayer;
				PRODUCT_NAME = "$(TARGET_NAME)";
				TARGETED_DEVICE_FAMILY = "1,2";
			};
			name = Release;
		};
		C35EEFAD2393F6C7008475B3 /* Debug */ = {
			isa = XCBuildConfiguration;
			buildSettings = {
				BUNDLE_LOADER = "$(TEST_HOST)";
				CODE_SIGN_STYLE = Automatic;
				INFOPLIST_FILE = VideoPlayerTests/Info.plist;
				LD_RUNPATH_SEARCH_PATHS = (
					"$(inherited)",
					"@executable_path/Frameworks",
					"@loader_path/Frameworks",
				);
				PRODUCT_BUNDLE_IDENTIFIER = com.seacen.VideoPlayerTests;
				PRODUCT_NAME = "$(TARGET_NAME)";
				TARGETED_DEVICE_FAMILY = "1,2";
				TEST_HOST = "$(BUILT_PRODUCTS_DIR)/VideoPlayer.app/VideoPlayer";
			};
			name = Debug;
		};
		C35EEFAE2393F6C7008475B3 /* Release */ = {
			isa = XCBuildConfiguration;
			buildSettings = {
				BUNDLE_LOADER = "$(TEST_HOST)";
				CODE_SIGN_STYLE = Automatic;
				INFOPLIST_FILE = VideoPlayerTests/Info.plist;
				LD_RUNPATH_SEARCH_PATHS = (
					"$(inherited)",
					"@executable_path/Frameworks",
					"@loader_path/Frameworks",
				);
				PRODUCT_BUNDLE_IDENTIFIER = com.seacen.VideoPlayerTests;
				PRODUCT_NAME = "$(TARGET_NAME)";
				TARGETED_DEVICE_FAMILY = "1,2";
				TEST_HOST = "$(BUILT_PRODUCTS_DIR)/VideoPlayer.app/VideoPlayer";
			};
			name = Release;
		};
		C35EEFB02393F6C7008475B3 /* Debug */ = {
			isa = XCBuildConfiguration;
			buildSettings = {
				CODE_SIGN_STYLE = Automatic;
				INFOPLIST_FILE = VideoPlayerUITests/Info.plist;
				LD_RUNPATH_SEARCH_PATHS = (
					"$(inherited)",
					"@executable_path/Frameworks",
					"@loader_path/Frameworks",
				);
				PRODUCT_BUNDLE_IDENTIFIER = com.seacen.VideoPlayerUITests;
				PRODUCT_NAME = "$(TARGET_NAME)";
				TARGETED_DEVICE_FAMILY = "1,2";
				TEST_TARGET_NAME = VideoPlayer;
			};
			name = Debug;
		};
		C35EEFB12393F6C7008475B3 /* Release */ = {
			isa = XCBuildConfiguration;
			buildSettings = {
				CODE_SIGN_STYLE = Automatic;
				INFOPLIST_FILE = VideoPlayerUITests/Info.plist;
				LD_RUNPATH_SEARCH_PATHS = (
					"$(inherited)",
					"@executable_path/Frameworks",
					"@loader_path/Frameworks",
				);
				PRODUCT_BUNDLE_IDENTIFIER = com.seacen.VideoPlayerUITests;
				PRODUCT_NAME = "$(TARGET_NAME)";
				TARGETED_DEVICE_FAMILY = "1,2";
				TEST_TARGET_NAME = VideoPlayer;
			};
			name = Release;
		};
/* End XCBuildConfiguration section */

/* Begin XCConfigurationList section */
		C35EEF782393F6C5008475B3 /* Build configuration list for PBXProject "VideoPlayer" */ = {
			isa = XCConfigurationList;
			buildConfigurations = (
				C35EEFA72393F6C7008475B3 /* Debug */,
				C35EEFA82393F6C7008475B3 /* Release */,
			);
			defaultConfigurationIsVisible = 0;
			defaultConfigurationName = Release;
		};
		C35EEFA92393F6C7008475B3 /* Build configuration list for PBXNativeTarget "VideoPlayer" */ = {
			isa = XCConfigurationList;
			buildConfigurations = (
				C35EEFAA2393F6C7008475B3 /* Debug */,
				C35EEFAB2393F6C7008475B3 /* Release */,
			);
			defaultConfigurationIsVisible = 0;
			defaultConfigurationName = Release;
		};
		C35EEFAC2393F6C7008475B3 /* Build configuration list for PBXNativeTarget "VideoPlayerTests" */ = {
			isa = XCConfigurationList;
			buildConfigurations = (
				C35EEFAD2393F6C7008475B3 /* Debug */,
				C35EEFAE2393F6C7008475B3 /* Release */,
			);
			defaultConfigurationIsVisible = 0;
			defaultConfigurationName = Release;
		};
		C35EEFAF2393F6C7008475B3 /* Build configuration list for PBXNativeTarget "VideoPlayerUITests" */ = {
			isa = XCConfigurationList;
			buildConfigurations = (
				C35EEFB02393F6C7008475B3 /* Debug */,
				C35EEFB12393F6C7008475B3 /* Release */,
			);
			defaultConfigurationIsVisible = 0;
			defaultConfigurationName = Release;
		};
/* End XCConfigurationList section */
	};
	rootObject = C35EEF752393F6C5008475B3 /* Project object */;
}
