// !$*UTF8*$!
{
	archiveVersion = 1;
	classes = {
	};
	objectVersion = 50;
	objects = {

/* Begin PBXBuildFile section */
		14414FEC238F7E47003EE5F2 /* PreviewView.mm in Sources */ = {isa = PBXBuildFile; fileRef = 14414FEB238F7E47003EE5F2 /* PreviewView.mm */; };
		14A0A6D6237EA7DF00CE32A7 /* AppDelegate.m in Sources */ = {isa = PBXBuildFile; fileRef = 14A0A6D5237EA7DF00CE32A7 /* AppDelegate.m */; };
		14A0A6DC237EA7DF00CE32A7 /* ViewController.m in Sources */ = {isa = PBXBuildFile; fileRef = 14A0A6DB237EA7DF00CE32A7 /* ViewController.m */; };
		14A0A6DF237EA7DF00CE32A7 /* Main.storyboard in Resources */ = {isa = PBXBuildFile; fileRef = 14A0A6DD237EA7DF00CE32A7 /* Main.storyboard */; };
		14A0A6E1237EA7E100CE32A7 /* Assets.xcassets in Resources */ = {isa = PBXBuildFile; fileRef = 14A0A6E0237EA7E100CE32A7 /* Assets.xcassets */; };
		14A0A6E4237EA7E100CE32A7 /* LaunchScreen.storyboard in Resources */ = {isa = PBXBuildFile; fileRef = 14A0A6E2237EA7E100CE32A7 /* LaunchScreen.storyboard */; };
		14A0A6E7237EA7E100CE32A7 /* main.m in Sources */ = {isa = PBXBuildFile; fileRef = 14A0A6E6237EA7E100CE32A7 /* main.m */; };
		14A0A6F1237EA7E100CE32A7 /* OpenGLRendererTests.m in Sources */ = {isa = PBXBuildFile; fileRef = 14A0A6F0237EA7E100CE32A7 /* OpenGLRendererTests.m */; };
		14A0A6FC237EA7E100CE32A7 /* OpenGLRendererUITests.m in Sources */ = {isa = PBXBuildFile; fileRef = 14A0A6FB237EA7E100CE32A7 /* OpenGLRendererUITests.m */; };
		14A0A738237EA96F00CE32A7 /* libpng-config.in in Resources */ = {isa = PBXBuildFile; fileRef = 14A0A70C237EA96F00CE32A7 /* libpng-config.in */; };
		14A0A739237EA96F00CE32A7 /* pngrio.c in Sources */ = {isa = PBXBuildFile; fileRef = 14A0A70D237EA96F00CE32A7 /* pngrio.c */; };
		14A0A73A237EA96F00CE32A7 /* pngerror.c in Sources */ = {isa = PBXBuildFile; fileRef = 14A0A70E237EA96F00CE32A7 /* pngerror.c */; };
		14A0A73B237EA96F00CE32A7 /* INSTALL in Resources */ = {isa = PBXBuildFile; fileRef = 14A0A70F237EA96F00CE32A7 /* INSTALL */; };
		14A0A73C237EA96F00CE32A7 /* ANNOUNCE in Resources */ = {isa = PBXBuildFile; fileRef = 14A0A710237EA96F00CE32A7 /* ANNOUNCE */; };
		14A0A73D237EA96F00CE32A7 /* CMakeLists.txt in Resources */ = {isa = PBXBuildFile; fileRef = 14A0A711237EA96F00CE32A7 /* CMakeLists.txt */; };
		14A0A73E237EA96F00CE32A7 /* pngwio.c in Sources */ = {isa = PBXBuildFile; fileRef = 14A0A712237EA96F00CE32A7 /* pngwio.c */; };
		14A0A73F237EA96F00CE32A7 /* LICENSE in Resources */ = {isa = PBXBuildFile; fileRef = 14A0A714237EA96F00CE32A7 /* LICENSE */; };
		14A0A740237EA96F00CE32A7 /* libpng.pc.in in Resources */ = {isa = PBXBuildFile; fileRef = 14A0A715237EA96F00CE32A7 /* libpng.pc.in */; };
		14A0A741237EA96F00CE32A7 /* pngtrans.c in Sources */ = {isa = PBXBuildFile; fileRef = 14A0A716237EA96F00CE32A7 /* pngtrans.c */; };
		14A0A742237EA96F00CE32A7 /* configure in Resources */ = {isa = PBXBuildFile; fileRef = 14A0A717237EA96F00CE32A7 /* configure */; };
		14A0A743237EA96F00CE32A7 /* pngnow.png in Resources */ = {isa = PBXBuildFile; fileRef = 14A0A719237EA96F00CE32A7 /* pngnow.png */; };
		14A0A744237EA96F00CE32A7 /* CHANGES in Resources */ = {isa = PBXBuildFile; fileRef = 14A0A71A237EA96F00CE32A7 /* CHANGES */; };
		14A0A745237EA96F00CE32A7 /* pngbar.jpg in Resources */ = {isa = PBXBuildFile; fileRef = 14A0A71B237EA96F00CE32A7 /* pngbar.jpg */; };
		14A0A746237EA96F00CE32A7 /* pngbar.png in Resources */ = {isa = PBXBuildFile; fileRef = 14A0A71C237EA96F00CE32A7 /* pngbar.png */; };
		14A0A747237EA96F00CE32A7 /* pngwrite.c in Sources */ = {isa = PBXBuildFile; fileRef = 14A0A71D237EA96F00CE32A7 /* pngwrite.c */; };
		14A0A748237EA96F00CE32A7 /* image.c in Sources */ = {isa = PBXBuildFile; fileRef = 14A0A71F237EA96F00CE32A7 /* image.c */; };
		14A0A749237EA96F00CE32A7 /* README in Resources */ = {isa = PBXBuildFile; fileRef = 14A0A720237EA96F00CE32A7 /* README */; };
		14A0A74A237EA96F00CE32A7 /* pngwutil.c in Sources */ = {isa = PBXBuildFile; fileRef = 14A0A721237EA96F00CE32A7 /* pngwutil.c */; };
		14A0A74B237EA96F00CE32A7 /* TODO in Resources */ = {isa = PBXBuildFile; fileRef = 14A0A722237EA96F00CE32A7 /* TODO */; };
		14A0A74C237EA96F00CE32A7 /* pngwtran.c in Sources */ = {isa = PBXBuildFile; fileRef = 14A0A723237EA96F00CE32A7 /* pngwtran.c */; };
		14A0A74D237EA96F00CE32A7 /* example.c in Sources */ = {isa = PBXBuildFile; fileRef = 14A0A724237EA96F00CE32A7 /* example.c */; };
		14A0A74E237EA96F00CE32A7 /* png_decoder.cpp in Sources */ = {isa = PBXBuildFile; fileRef = 14A0A726237EA96F00CE32A7 /* png_decoder.cpp */; };
		14A0A74F237EA96F00CE32A7 /* pngpread.c in Sources */ = {isa = PBXBuildFile; fileRef = 14A0A728237EA96F00CE32A7 /* pngpread.c */; };
		14A0A750237EA96F00CE32A7 /* pngread.c in Sources */ = {isa = PBXBuildFile; fileRef = 14A0A72A237EA96F00CE32A7 /* pngread.c */; };
		14A0A751237EA96F00CE32A7 /* libpng.3 in Resources */ = {isa = PBXBuildFile; fileRef = 14A0A72B237EA96F00CE32A7 /* libpng.3 */; };
		14A0A752237EA96F00CE32A7 /* libpngpf.3 in Resources */ = {isa = PBXBuildFile; fileRef = 14A0A72C237EA96F00CE32A7 /* libpngpf.3 */; };
		14A0A753237EA96F00CE32A7 /* pngtest.png in Resources */ = {isa = PBXBuildFile; fileRef = 14A0A72D237EA96F00CE32A7 /* pngtest.png */; };
		14A0A754237EA96F00CE32A7 /* pngmem.c in Sources */ = {isa = PBXBuildFile; fileRef = 14A0A72E237EA96F00CE32A7 /* pngmem.c */; };
		14A0A755237EA96F00CE32A7 /* pngget.c in Sources */ = {isa = PBXBuildFile; fileRef = 14A0A72F237EA96F00CE32A7 /* pngget.c */; };
		14A0A756237EA96F00CE32A7 /* png.c in Sources */ = {isa = PBXBuildFile; fileRef = 14A0A731237EA96F00CE32A7 /* png.c */; };
		14A0A757237EA96F00CE32A7 /* pngrtran.c in Sources */ = {isa = PBXBuildFile; fileRef = 14A0A732237EA96F00CE32A7 /* pngrtran.c */; };
		14A0A758237EA96F00CE32A7 /* pngrutil.c in Sources */ = {isa = PBXBuildFile; fileRef = 14A0A733237EA96F00CE32A7 /* pngrutil.c */; };
		14A0A759237EA96F00CE32A7 /* libpng-manual.txt in Resources */ = {isa = PBXBuildFile; fileRef = 14A0A734237EA96F00CE32A7 /* libpng-manual.txt */; };
		14A0A75A237EA96F00CE32A7 /* pngset.c in Sources */ = {isa = PBXBuildFile; fileRef = 14A0A736237EA96F00CE32A7 /* pngset.c */; };
		14A0A75B237EA96F00CE32A7 /* png.5 in Resources */ = {isa = PBXBuildFile; fileRef = 14A0A737237EA96F00CE32A7 /* png.5 */; };
		14A0A75E237EAB3B00CE32A7 /* 1.png in Resources */ = {isa = PBXBuildFile; fileRef = 14A0A75D237EAB3B00CE32A7 /* 1.png */; };
		14A0A762237EAB7800CE32A7 /* CommonUtil.m in Sources */ = {isa = PBXBuildFile; fileRef = 14A0A761237EAB7800CE32A7 /* CommonUtil.m */; };
		14A0A796237ED2F200CE32A7 /* rgba_frame.cpp in Sources */ = {isa = PBXBuildFile; fileRef = 14A0A794237ED2F100CE32A7 /* rgba_frame.cpp */; };
		14A0A799237ED32F00CE32A7 /* RGBAFrameCopier.mm in Sources */ = {isa = PBXBuildFile; fileRef = 14A0A798237ED32F00CE32A7 /* RGBAFrameCopier.mm */; };
		C35EEE912390237B008475B3 /* PngPreviewController.m in Sources */ = {isa = PBXBuildFile; fileRef = C35EEE902390237B008475B3 /* PngPreviewController.m */; };
/* End PBXBuildFile section */

/* Begin PBXContainerItemProxy section */
		14A0A6ED237EA7E100CE32A7 /* PBXContainerItemProxy */ = {
			isa = PBXContainerItemProxy;
			containerPortal = 14A0A6C9237EA7DF00CE32A7 /* Project object */;
			proxyType = 1;
			remoteGlobalIDString = 14A0A6D0237EA7DF00CE32A7;
			remoteInfo = OpenGLRenderer;
		};
		14A0A6F8237EA7E100CE32A7 /* PBXContainerItemProxy */ = {
			isa = PBXContainerItemProxy;
			containerPortal = 14A0A6C9237EA7DF00CE32A7 /* Project object */;
			proxyType = 1;
			remoteGlobalIDString = 14A0A6D0237EA7DF00CE32A7;
			remoteInfo = OpenGLRenderer;
		};
/* End PBXContainerItemProxy section */

/* Begin PBXFileReference section */
		14414FEA238F7E47003EE5F2 /* PreviewView.h */ = {isa = PBXFileReference; lastKnownFileType = sourcecode.c.h; path = PreviewView.h; sourceTree = "<group>"; };
		14414FEB238F7E47003EE5F2 /* PreviewView.mm */ = {isa = PBXFileReference; lastKnownFileType = sourcecode.cpp.objcpp; path = PreviewView.mm; sourceTree = "<group>"; };
		14A0A6D1237EA7DF00CE32A7 /* OpenGLRenderer.app */ = {isa = PBXFileReference; explicitFileType = wrapper.application; includeInIndex = 0; path = OpenGLRenderer.app; sourceTree = BUILT_PRODUCTS_DIR; };
		14A0A6D4237EA7DF00CE32A7 /* AppDelegate.h */ = {isa = PBXFileReference; lastKnownFileType = sourcecode.c.h; path = AppDelegate.h; sourceTree = "<group>"; };
		14A0A6D5237EA7DF00CE32A7 /* AppDelegate.m */ = {isa = PBXFileReference; lastKnownFileType = sourcecode.c.objc; path = AppDelegate.m; sourceTree = "<group>"; };
		14A0A6DA237EA7DF00CE32A7 /* ViewController.h */ = {isa = PBXFileReference; lastKnownFileType = sourcecode.c.h; path = ViewController.h; sourceTree = "<group>"; };
		14A0A6DB237EA7DF00CE32A7 /* ViewController.m */ = {isa = PBXFileReference; lastKnownFileType = sourcecode.c.objc; path = ViewController.m; sourceTree = "<group>"; };
		14A0A6DE237EA7DF00CE32A7 /* Base */ = {isa = PBXFileReference; lastKnownFileType = file.storyboard; name = Base; path = Base.lproj/Main.storyboard; sourceTree = "<group>"; };
		14A0A6E0237EA7E100CE32A7 /* Assets.xcassets */ = {isa = PBXFileReference; lastKnownFileType = folder.assetcatalog; path = Assets.xcassets; sourceTree = "<group>"; };
		14A0A6E3237EA7E100CE32A7 /* Base */ = {isa = PBXFileReference; lastKnownFileType = file.storyboard; name = Base; path = Base.lproj/LaunchScreen.storyboard; sourceTree = "<group>"; };
		14A0A6E5237EA7E100CE32A7 /* Info.plist */ = {isa = PBXFileReference; lastKnownFileType = text.plist.xml; path = Info.plist; sourceTree = "<group>"; };
		14A0A6E6237EA7E100CE32A7 /* main.m */ = {isa = PBXFileReference; lastKnownFileType = sourcecode.c.objc; path = main.m; sourceTree = "<group>"; };
		14A0A6EC237EA7E100CE32A7 /* OpenGLRendererTests.xctest */ = {isa = PBXFileReference; explicitFileType = wrapper.cfbundle; includeInIndex = 0; path = OpenGLRendererTests.xctest; sourceTree = BUILT_PRODUCTS_DIR; };
		14A0A6F0237EA7E100CE32A7 /* OpenGLRendererTests.m */ = {isa = PBXFileReference; lastKnownFileType = sourcecode.c.objc; path = OpenGLRendererTests.m; sourceTree = "<group>"; };
		14A0A6F2237EA7E100CE32A7 /* Info.plist */ = {isa = PBXFileReference; lastKnownFileType = text.plist.xml; path = Info.plist; sourceTree = "<group>"; };
		14A0A6F7237EA7E100CE32A7 /* OpenGLRendererUITests.xctest */ = {isa = PBXFileReference; explicitFileType = wrapper.cfbundle; includeInIndex = 0; path = OpenGLRendererUITests.xctest; sourceTree = BUILT_PRODUCTS_DIR; };
		14A0A6FB237EA7E100CE32A7 /* OpenGLRendererUITests.m */ = {isa = PBXFileReference; lastKnownFileType = sourcecode.c.objc; path = OpenGLRendererUITests.m; sourceTree = "<group>"; };
		14A0A6FD237EA7E100CE32A7 /* Info.plist */ = {isa = PBXFileReference; lastKnownFileType = text.plist.xml; path = Info.plist; sourceTree = "<group>"; };
		14A0A70B237EA96F00CE32A7 /* pnginfo.h */ = {isa = PBXFileReference; fileEncoding = 4; lastKnownFileType = sourcecode.c.h; path = pnginfo.h; sourceTree = "<group>"; };
		14A0A70C237EA96F00CE32A7 /* libpng-config.in */ = {isa = PBXFileReference; fileEncoding = 4; lastKnownFileType = text.script.sh; path = "libpng-config.in"; sourceTree = "<group>"; };
		14A0A70D237EA96F00CE32A7 /* pngrio.c */ = {isa = PBXFileReference; fileEncoding = 4; lastKnownFileType = sourcecode.c.c; path = pngrio.c; sourceTree = "<group>"; };
		14A0A70E237EA96F00CE32A7 /* pngerror.c */ = {isa = PBXFileReference; fileEncoding = 4; lastKnownFileType = sourcecode.c.c; path = pngerror.c; sourceTree = "<group>"; };
		14A0A70F237EA96F00CE32A7 /* INSTALL */ = {isa = PBXFileReference; fileEncoding = 4; lastKnownFileType = text; path = INSTALL; sourceTree = "<group>"; };
		14A0A710237EA96F00CE32A7 /* ANNOUNCE */ = {isa = PBXFileReference; fileEncoding = 4; lastKnownFileType = text; path = ANNOUNCE; sourceTree = "<group>"; };
		14A0A711237EA96F00CE32A7 /* CMakeLists.txt */ = {isa = PBXFileReference; fileEncoding = 4; lastKnownFileType = text; path = CMakeLists.txt; sourceTree = "<group>"; };
		14A0A712237EA96F00CE32A7 /* pngwio.c */ = {isa = PBXFileReference; fileEncoding = 4; lastKnownFileType = sourcecode.c.c; path = pngwio.c; sourceTree = "<group>"; };
		14A0A713237EA96F00CE32A7 /* pngstruct.h */ = {isa = PBXFileReference; fileEncoding = 4; lastKnownFileType = sourcecode.c.h; path = pngstruct.h; sourceTree = "<group>"; };
		14A0A714237EA96F00CE32A7 /* LICENSE */ = {isa = PBXFileReference; fileEncoding = 4; lastKnownFileType = text; path = LICENSE; sourceTree = "<group>"; };
		14A0A715237EA96F00CE32A7 /* libpng.pc.in */ = {isa = PBXFileReference; fileEncoding = 4; lastKnownFileType = text; path = libpng.pc.in; sourceTree = "<group>"; };
		14A0A716237EA96F00CE32A7 /* pngtrans.c */ = {isa = PBXFileReference; fileEncoding = 4; lastKnownFileType = sourcecode.c.c; path = pngtrans.c; sourceTree = "<group>"; };
		14A0A717237EA96F00CE32A7 /* configure */ = {isa = PBXFileReference; fileEncoding = 4; lastKnownFileType = text; path = configure; sourceTree = "<group>"; };
		14A0A718237EA96F00CE32A7 /* pngpriv.h */ = {isa = PBXFileReference; fileEncoding = 4; lastKnownFileType = sourcecode.c.h; path = pngpriv.h; sourceTree = "<group>"; };
		14A0A719237EA96F00CE32A7 /* pngnow.png */ = {isa = PBXFileReference; lastKnownFileType = image.png; path = pngnow.png; sourceTree = "<group>"; };
		14A0A71A237EA96F00CE32A7 /* CHANGES */ = {isa = PBXFileReference; fileEncoding = 4; lastKnownFileType = text; path = CHANGES; sourceTree = "<group>"; };
		14A0A71B237EA96F00CE32A7 /* pngbar.jpg */ = {isa = PBXFileReference; lastKnownFileType = image.jpeg; path = pngbar.jpg; sourceTree = "<group>"; };
		14A0A71C237EA96F00CE32A7 /* pngbar.png */ = {isa = PBXFileReference; lastKnownFileType = image.png; path = pngbar.png; sourceTree = "<group>"; };
		14A0A71D237EA96F00CE32A7 /* pngwrite.c */ = {isa = PBXFileReference; fileEncoding = 4; lastKnownFileType = sourcecode.c.c; path = pngwrite.c; sourceTree = "<group>"; };
		14A0A71E237EA96F00CE32A7 /* png.h */ = {isa = PBXFileReference; fileEncoding = 4; lastKnownFileType = sourcecode.c.h; path = png.h; sourceTree = "<group>"; };
		14A0A71F237EA96F00CE32A7 /* image.c */ = {isa = PBXFileReference; fileEncoding = 4; lastKnownFileType = sourcecode.c.c; path = image.c; sourceTree = "<group>"; };
		14A0A720237EA96F00CE32A7 /* README */ = {isa = PBXFileReference; fileEncoding = 4; lastKnownFileType = text; path = README; sourceTree = "<group>"; };
		14A0A721237EA96F00CE32A7 /* pngwutil.c */ = {isa = PBXFileReference; fileEncoding = 4; lastKnownFileType = sourcecode.c.c; path = pngwutil.c; sourceTree = "<group>"; };
		14A0A722237EA96F00CE32A7 /* TODO */ = {isa = PBXFileReference; fileEncoding = 4; lastKnownFileType = text; path = TODO; sourceTree = "<group>"; };
		14A0A723237EA96F00CE32A7 /* pngwtran.c */ = {isa = PBXFileReference; fileEncoding = 4; lastKnownFileType = sourcecode.c.c; path = pngwtran.c; sourceTree = "<group>"; };
		14A0A724237EA96F00CE32A7 /* example.c */ = {isa = PBXFileReference; fileEncoding = 4; lastKnownFileType = sourcecode.c.c; path = example.c; sourceTree = "<group>"; };
		14A0A725237EA96F00CE32A7 /* pnglibconf.h */ = {isa = PBXFileReference; fileEncoding = 4; lastKnownFileType = sourcecode.c.h; path = pnglibconf.h; sourceTree = "<group>"; };
		14A0A726237EA96F00CE32A7 /* png_decoder.cpp */ = {isa = PBXFileReference; fileEncoding = 4; lastKnownFileType = sourcecode.cpp.cpp; path = png_decoder.cpp; sourceTree = "<group>"; };
		14A0A727237EA96F00CE32A7 /* pngconf.h */ = {isa = PBXFileReference; fileEncoding = 4; lastKnownFileType = sourcecode.c.h; path = pngconf.h; sourceTree = "<group>"; };
		14A0A728237EA96F00CE32A7 /* pngpread.c */ = {isa = PBXFileReference; fileEncoding = 4; lastKnownFileType = sourcecode.c.c; path = pngpread.c; sourceTree = "<group>"; };
		14A0A729237EA96F00CE32A7 /* pngdebug.h */ = {isa = PBXFileReference; fileEncoding = 4; lastKnownFileType = sourcecode.c.h; path = pngdebug.h; sourceTree = "<group>"; };
		14A0A72A237EA96F00CE32A7 /* pngread.c */ = {isa = PBXFileReference; fileEncoding = 4; lastKnownFileType = sourcecode.c.c; path = pngread.c; sourceTree = "<group>"; };
		14A0A72B237EA96F00CE32A7 /* libpng.3 */ = {isa = PBXFileReference; fileEncoding = 4; lastKnownFileType = text; path = libpng.3; sourceTree = "<group>"; };
		14A0A72C237EA96F00CE32A7 /* libpngpf.3 */ = {isa = PBXFileReference; fileEncoding = 4; lastKnownFileType = text; path = libpngpf.3; sourceTree = "<group>"; };
		14A0A72D237EA96F00CE32A7 /* pngtest.png */ = {isa = PBXFileReference; lastKnownFileType = image.png; path = pngtest.png; sourceTree = "<group>"; };
		14A0A72E237EA96F00CE32A7 /* pngmem.c */ = {isa = PBXFileReference; fileEncoding = 4; lastKnownFileType = sourcecode.c.c; path = pngmem.c; sourceTree = "<group>"; };
		14A0A72F237EA96F00CE32A7 /* pngget.c */ = {isa = PBXFileReference; fileEncoding = 4; lastKnownFileType = sourcecode.c.c; path = pngget.c; sourceTree = "<group>"; };
		14A0A730237EA96F00CE32A7 /* png_decoder.h */ = {isa = PBXFileReference; fileEncoding = 4; lastKnownFileType = sourcecode.c.h; path = png_decoder.h; sourceTree = "<group>"; };
		14A0A731237EA96F00CE32A7 /* png.c */ = {isa = PBXFileReference; fileEncoding = 4; lastKnownFileType = sourcecode.c.c; path = png.c; sourceTree = "<group>"; };
		14A0A732237EA96F00CE32A7 /* pngrtran.c */ = {isa = PBXFileReference; fileEncoding = 4; lastKnownFileType = sourcecode.c.c; path = pngrtran.c; sourceTree = "<group>"; };
		14A0A733237EA96F00CE32A7 /* pngrutil.c */ = {isa = PBXFileReference; fileEncoding = 4; lastKnownFileType = sourcecode.c.c; path = pngrutil.c; sourceTree = "<group>"; };
		14A0A734237EA96F00CE32A7 /* libpng-manual.txt */ = {isa = PBXFileReference; fileEncoding = 4; lastKnownFileType = text; path = "libpng-manual.txt"; sourceTree = "<group>"; };
		14A0A735237EA96F00CE32A7 /* image.h */ = {isa = PBXFileReference; fileEncoding = 4; lastKnownFileType = sourcecode.c.h; path = image.h; sourceTree = "<group>"; };
		14A0A736237EA96F00CE32A7 /* pngset.c */ = {isa = PBXFileReference; fileEncoding = 4; lastKnownFileType = sourcecode.c.c; path = pngset.c; sourceTree = "<group>"; };
		14A0A737237EA96F00CE32A7 /* png.5 */ = {isa = PBXFileReference; fileEncoding = 4; lastKnownFileType = text; path = png.5; sourceTree = "<group>"; };
		14A0A75D237EAB3B00CE32A7 /* 1.png */ = {isa = PBXFileReference; lastKnownFileType = image.png; path = 1.png; sourceTree = "<group>"; };
		14A0A760237EAB7800CE32A7 /* CommonUtil.h */ = {isa = PBXFileReference; lastKnownFileType = sourcecode.c.h; path = CommonUtil.h; sourceTree = "<group>"; };
		14A0A761237EAB7800CE32A7 /* CommonUtil.m */ = {isa = PBXFileReference; lastKnownFileType = sourcecode.c.objc; path = CommonUtil.m; sourceTree = "<group>"; };
		14A0A794237ED2F100CE32A7 /* rgba_frame.cpp */ = {isa = PBXFileReference; fileEncoding = 4; lastKnownFileType = sourcecode.cpp.cpp; path = rgba_frame.cpp; sourceTree = "<group>"; };
		14A0A795237ED2F100CE32A7 /* rgba_frame.h */ = {isa = PBXFileReference; fileEncoding = 4; lastKnownFileType = sourcecode.c.h; path = rgba_frame.h; sourceTree = "<group>"; };
		14A0A797237ED32E00CE32A7 /* RGBAFrameCopier.h */ = {isa = PBXFileReference; lastKnownFileType = sourcecode.c.h; path = RGBAFrameCopier.h; sourceTree = "<group>"; };
		14A0A798237ED32F00CE32A7 /* RGBAFrameCopier.mm */ = {isa = PBXFileReference; lastKnownFileType = sourcecode.cpp.objcpp; path = RGBAFrameCopier.mm; sourceTree = "<group>"; };
		C35EEE8F2390237B008475B3 /* PngPreviewController.h */ = {isa = PBXFileReference; lastKnownFileType = sourcecode.c.h; path = PngPreviewController.h; sourceTree = "<group>"; };
		C35EEE902390237B008475B3 /* PngPreviewController.m */ = {isa = PBXFileReference; lastKnownFileType = sourcecode.c.objc; path = PngPreviewController.m; sourceTree = "<group>"; };
/* End PBXFileReference section */

/* Begin PBXFrameworksBuildPhase section */
		14A0A6CE237EA7DF00CE32A7 /* Frameworks */ = {
			isa = PBXFrameworksBuildPhase;
			buildActionMask = 2147483647;
			files = (
			);
			runOnlyForDeploymentPostprocessing = 0;
		};
		14A0A6E9237EA7E100CE32A7 /* Frameworks */ = {
			isa = PBXFrameworksBuildPhase;
			buildActionMask = 2147483647;
			files = (
			);
			runOnlyForDeploymentPostprocessing = 0;
		};
		14A0A6F4237EA7E100CE32A7 /* Frameworks */ = {
			isa = PBXFrameworksBuildPhase;
			buildActionMask = 2147483647;
			files = (
			);
			runOnlyForDeploymentPostprocessing = 0;
		};
/* End PBXFrameworksBuildPhase section */

/* Begin PBXGroup section */
		14A0A6C8237EA7DF00CE32A7 = {
			isa = PBXGroup;
			children = (
				14A0A6D3237EA7DF00CE32A7 /* OpenGLRenderer */,
				14A0A6EF237EA7E100CE32A7 /* OpenGLRendererTests */,
				14A0A6FA237EA7E100CE32A7 /* OpenGLRendererUITests */,
				14A0A6D2237EA7DF00CE32A7 /* Products */,
			);
			sourceTree = "<group>";
		};
		14A0A6D2237EA7DF00CE32A7 /* Products */ = {
			isa = PBXGroup;
			children = (
				14A0A6D1237EA7DF00CE32A7 /* OpenGLRenderer.app */,
				14A0A6EC237EA7E100CE32A7 /* OpenGLRendererTests.xctest */,
				14A0A6F7237EA7E100CE32A7 /* OpenGLRendererUITests.xctest */,
			);
			name = Products;
			sourceTree = "<group>";
		};
		14A0A6D3237EA7DF00CE32A7 /* OpenGLRenderer */ = {
			isa = PBXGroup;
			children = (
				C35EEE8F2390237B008475B3 /* PngPreviewController.h */,
				C35EEE902390237B008475B3 /* PngPreviewController.m */,
				14A0A794237ED2F100CE32A7 /* rgba_frame.cpp */,
				14A0A795237ED2F100CE32A7 /* rgba_frame.h */,
				14A0A763237EABE400CE32A7 /* opengl */,
				14A0A75F237EAB4600CE32A7 /* utils */,
				14A0A75C237EAB2500CE32A7 /* resource */,
				14A0A709237EA96F00CE32A7 /* 3rdparty */,
				14A0A6D4237EA7DF00CE32A7 /* AppDelegate.h */,
				14A0A6D5237EA7DF00CE32A7 /* AppDelegate.m */,
				14A0A6DA237EA7DF00CE32A7 /* ViewController.h */,
				14A0A6DB237EA7DF00CE32A7 /* ViewController.m */,
				14A0A6DD237EA7DF00CE32A7 /* Main.storyboard */,
				14A0A6E0237EA7E100CE32A7 /* Assets.xcassets */,
				14A0A6E2237EA7E100CE32A7 /* LaunchScreen.storyboard */,
				14A0A6E5237EA7E100CE32A7 /* Info.plist */,
				14A0A6E6237EA7E100CE32A7 /* main.m */,
			);
			path = OpenGLRenderer;
			sourceTree = "<group>";
		};
		14A0A6EF237EA7E100CE32A7 /* OpenGLRendererTests */ = {
			isa = PBXGroup;
			children = (
				14A0A6F0237EA7E100CE32A7 /* OpenGLRendererTests.m */,
				14A0A6F2237EA7E100CE32A7 /* Info.plist */,
			);
			path = OpenGLRendererTests;
			sourceTree = "<group>";
		};
		14A0A6FA237EA7E100CE32A7 /* OpenGLRendererUITests */ = {
			isa = PBXGroup;
			children = (
				14A0A6FB237EA7E100CE32A7 /* OpenGLRendererUITests.m */,
				14A0A6FD237EA7E100CE32A7 /* Info.plist */,
			);
			path = OpenGLRendererUITests;
			sourceTree = "<group>";
		};
		14A0A709237EA96F00CE32A7 /* 3rdparty */ = {
			isa = PBXGroup;
			children = (
				14A0A70A237EA96F00CE32A7 /* libpng */,
			);
			path = 3rdparty;
			sourceTree = "<group>";
		};
		14A0A70A237EA96F00CE32A7 /* libpng */ = {
			isa = PBXGroup;
			children = (
				14A0A70B237EA96F00CE32A7 /* pnginfo.h */,
				14A0A70C237EA96F00CE32A7 /* libpng-config.in */,
				14A0A70D237EA96F00CE32A7 /* pngrio.c */,
				14A0A70E237EA96F00CE32A7 /* pngerror.c */,
				14A0A70F237EA96F00CE32A7 /* INSTALL */,
				14A0A710237EA96F00CE32A7 /* ANNOUNCE */,
				14A0A711237EA96F00CE32A7 /* CMakeLists.txt */,
				14A0A712237EA96F00CE32A7 /* pngwio.c */,
				14A0A713237EA96F00CE32A7 /* pngstruct.h */,
				14A0A714237EA96F00CE32A7 /* LICENSE */,
				14A0A715237EA96F00CE32A7 /* libpng.pc.in */,
				14A0A716237EA96F00CE32A7 /* pngtrans.c */,
				14A0A717237EA96F00CE32A7 /* configure */,
				14A0A718237EA96F00CE32A7 /* pngpriv.h */,
				14A0A719237EA96F00CE32A7 /* pngnow.png */,
				14A0A71A237EA96F00CE32A7 /* CHANGES */,
				14A0A71B237EA96F00CE32A7 /* pngbar.jpg */,
				14A0A71C237EA96F00CE32A7 /* pngbar.png */,
				14A0A71D237EA96F00CE32A7 /* pngwrite.c */,
				14A0A71E237EA96F00CE32A7 /* png.h */,
				14A0A71F237EA96F00CE32A7 /* image.c */,
				14A0A720237EA96F00CE32A7 /* README */,
				14A0A721237EA96F00CE32A7 /* pngwutil.c */,
				14A0A722237EA96F00CE32A7 /* TODO */,
				14A0A723237EA96F00CE32A7 /* pngwtran.c */,
				14A0A724237EA96F00CE32A7 /* example.c */,
				14A0A725237EA96F00CE32A7 /* pnglibconf.h */,
				14A0A726237EA96F00CE32A7 /* png_decoder.cpp */,
				14A0A727237EA96F00CE32A7 /* pngconf.h */,
				14A0A728237EA96F00CE32A7 /* pngpread.c */,
				14A0A729237EA96F00CE32A7 /* pngdebug.h */,
				14A0A72A237EA96F00CE32A7 /* pngread.c */,
				14A0A72B237EA96F00CE32A7 /* libpng.3 */,
				14A0A72C237EA96F00CE32A7 /* libpngpf.3 */,
				14A0A72D237EA96F00CE32A7 /* pngtest.png */,
				14A0A72E237EA96F00CE32A7 /* pngmem.c */,
				14A0A72F237EA96F00CE32A7 /* pngget.c */,
				14A0A730237EA96F00CE32A7 /* png_decoder.h */,
				14A0A731237EA96F00CE32A7 /* png.c */,
				14A0A732237EA96F00CE32A7 /* pngrtran.c */,
				14A0A733237EA96F00CE32A7 /* pngrutil.c */,
				14A0A734237EA96F00CE32A7 /* libpng-manual.txt */,
				14A0A735237EA96F00CE32A7 /* image.h */,
				14A0A736237EA96F00CE32A7 /* pngset.c */,
				14A0A737237EA96F00CE32A7 /* png.5 */,
			);
			path = libpng;
			sourceTree = "<group>";
		};
		14A0A75C237EAB2500CE32A7 /* resource */ = {
			isa = PBXGroup;
			children = (
				14A0A75D237EAB3B00CE32A7 /* 1.png */,
			);
			path = resource;
			sourceTree = "<group>";
		};
		14A0A75F237EAB4600CE32A7 /* utils */ = {
			isa = PBXGroup;
			children = (
				14A0A760237EAB7800CE32A7 /* CommonUtil.h */,
				14A0A761237EAB7800CE32A7 /* CommonUtil.m */,
			);
			path = utils;
			sourceTree = "<group>";
		};
		14A0A763237EABE400CE32A7 /* opengl */ = {
			isa = PBXGroup;
			children = (
				14A0A797237ED32E00CE32A7 /* RGBAFrameCopier.h */,
				14A0A798237ED32F00CE32A7 /* RGBAFrameCopier.mm */,
				14414FEA238F7E47003EE5F2 /* PreviewView.h */,
				14414FEB238F7E47003EE5F2 /* PreviewView.mm */,
			);
			path = opengl;
			sourceTree = "<group>";
		};
/* End PBXGroup section */

/* Begin PBXNativeTarget section */
		14A0A6D0237EA7DF00CE32A7 /* OpenGLRenderer */ = {
			isa = PBXNativeTarget;
			buildConfigurationList = 14A0A700237EA7E100CE32A7 /* Build configuration list for PBXNativeTarget "OpenGLRenderer" */;
			buildPhases = (
				14A0A6CD237EA7DF00CE32A7 /* Sources */,
				14A0A6CE237EA7DF00CE32A7 /* Frameworks */,
				14A0A6CF237EA7DF00CE32A7 /* Resources */,
			);
			buildRules = (
			);
			dependencies = (
			);
			name = OpenGLRenderer;
			productName = OpenGLRenderer;
			productReference = 14A0A6D1237EA7DF00CE32A7 /* OpenGLRenderer.app */;
			productType = "com.apple.product-type.application";
		};
		14A0A6EB237EA7E100CE32A7 /* OpenGLRendererTests */ = {
			isa = PBXNativeTarget;
			buildConfigurationList = 14A0A703237EA7E100CE32A7 /* Build configuration list for PBXNativeTarget "OpenGLRendererTests" */;
			buildPhases = (
				14A0A6E8237EA7E100CE32A7 /* Sources */,
				14A0A6E9237EA7E100CE32A7 /* Frameworks */,
				14A0A6EA237EA7E100CE32A7 /* Resources */,
			);
			buildRules = (
			);
			dependencies = (
				14A0A6EE237EA7E100CE32A7 /* PBXTargetDependency */,
			);
			name = OpenGLRendererTests;
			productName = OpenGLRendererTests;
			productReference = 14A0A6EC237EA7E100CE32A7 /* OpenGLRendererTests.xctest */;
			productType = "com.apple.product-type.bundle.unit-test";
		};
		14A0A6F6237EA7E100CE32A7 /* OpenGLRendererUITests */ = {
			isa = PBXNativeTarget;
			buildConfigurationList = 14A0A706237EA7E100CE32A7 /* Build configuration list for PBXNativeTarget "OpenGLRendererUITests" */;
			buildPhases = (
				14A0A6F3237EA7E100CE32A7 /* Sources */,
				14A0A6F4237EA7E100CE32A7 /* Frameworks */,
				14A0A6F5237EA7E100CE32A7 /* Resources */,
			);
			buildRules = (
			);
			dependencies = (
				14A0A6F9237EA7E100CE32A7 /* PBXTargetDependency */,
			);
			name = OpenGLRendererUITests;
			productName = OpenGLRendererUITests;
			productReference = 14A0A6F7237EA7E100CE32A7 /* OpenGLRendererUITests.xctest */;
			productType = "com.apple.product-type.bundle.ui-testing";
		};
/* End PBXNativeTarget section */

/* Begin PBXProject section */
		14A0A6C9237EA7DF00CE32A7 /* Project object */ = {
			isa = PBXProject;
			attributes = {
				LastUpgradeCheck = 1100;
				ORGANIZATIONNAME = SeacenLiu;
				TargetAttributes = {
					14A0A6D0237EA7DF00CE32A7 = {
						CreatedOnToolsVersion = 11.0;
					};
					14A0A6EB237EA7E100CE32A7 = {
						CreatedOnToolsVersion = 11.0;
						TestTargetID = 14A0A6D0237EA7DF00CE32A7;
					};
					14A0A6F6237EA7E100CE32A7 = {
						CreatedOnToolsVersion = 11.0;
						TestTargetID = 14A0A6D0237EA7DF00CE32A7;
					};
				};
			};
			buildConfigurationList = 14A0A6CC237EA7DF00CE32A7 /* Build configuration list for PBXProject "OpenGLRenderer" */;
			compatibilityVersion = "Xcode 9.3";
			developmentRegion = en;
			hasScannedForEncodings = 0;
			knownRegions = (
				en,
				Base,
			);
			mainGroup = 14A0A6C8237EA7DF00CE32A7;
			productRefGroup = 14A0A6D2237EA7DF00CE32A7 /* Products */;
			projectDirPath = "";
			projectRoot = "";
			targets = (
				14A0A6D0237EA7DF00CE32A7 /* OpenGLRenderer */,
				14A0A6EB237EA7E100CE32A7 /* OpenGLRendererTests */,
				14A0A6F6237EA7E100CE32A7 /* OpenGLRendererUITests */,
			);
		};
/* End PBXProject section */

/* Begin PBXResourcesBuildPhase section */
		14A0A6CF237EA7DF00CE32A7 /* Resources */ = {
			isa = PBXResourcesBuildPhase;
			buildActionMask = 2147483647;
			files = (
				14A0A749237EA96F00CE32A7 /* README in Resources */,
				14A0A753237EA96F00CE32A7 /* pngtest.png in Resources */,
				14A0A744237EA96F00CE32A7 /* CHANGES in Resources */,
				14A0A745237EA96F00CE32A7 /* pngbar.jpg in Resources */,
				14A0A738237EA96F00CE32A7 /* libpng-config.in in Resources */,
				14A0A742237EA96F00CE32A7 /* configure in Resources */,
				14A0A73C237EA96F00CE32A7 /* ANNOUNCE in Resources */,
				14A0A740237EA96F00CE32A7 /* libpng.pc.in in Resources */,
				14A0A73F237EA96F00CE32A7 /* LICENSE in Resources */,
				14A0A746237EA96F00CE32A7 /* pngbar.png in Resources */,
				14A0A6E4237EA7E100CE32A7 /* LaunchScreen.storyboard in Resources */,
				14A0A75E237EAB3B00CE32A7 /* 1.png in Resources */,
				14A0A74B237EA96F00CE32A7 /* TODO in Resources */,
				14A0A6E1237EA7E100CE32A7 /* Assets.xcassets in Resources */,
				14A0A73D237EA96F00CE32A7 /* CMakeLists.txt in Resources */,
				14A0A759237EA96F00CE32A7 /* libpng-manual.txt in Resources */,
				14A0A75B237EA96F00CE32A7 /* png.5 in Resources */,
				14A0A743237EA96F00CE32A7 /* pngnow.png in Resources */,
				14A0A6DF237EA7DF00CE32A7 /* Main.storyboard in Resources */,
				14A0A752237EA96F00CE32A7 /* libpngpf.3 in Resources */,
				14A0A751237EA96F00CE32A7 /* libpng.3 in Resources */,
				14A0A73B237EA96F00CE32A7 /* INSTALL in Resources */,
			);
			runOnlyForDeploymentPostprocessing = 0;
		};
		14A0A6EA237EA7E100CE32A7 /* Resources */ = {
			isa = PBXResourcesBuildPhase;
			buildActionMask = 2147483647;
			files = (
			);
			runOnlyForDeploymentPostprocessing = 0;
		};
		14A0A6F5237EA7E100CE32A7 /* Resources */ = {
			isa = PBXResourcesBuildPhase;
			buildActionMask = 2147483647;
			files = (
			);
			runOnlyForDeploymentPostprocessing = 0;
		};
/* End PBXResourcesBuildPhase section */

/* Begin PBXSourcesBuildPhase section */
		14A0A6CD237EA7DF00CE32A7 /* Sources */ = {
			isa = PBXSourcesBuildPhase;
			buildActionMask = 2147483647;
			files = (
				14A0A754237EA96F00CE32A7 /* pngmem.c in Sources */,
				14A0A74D237EA96F00CE32A7 /* example.c in Sources */,
				14A0A75A237EA96F00CE32A7 /* pngset.c in Sources */,
				14A0A755237EA96F00CE32A7 /* pngget.c in Sources */,
				14A0A757237EA96F00CE32A7 /* pngrtran.c in Sources */,
				14A0A758237EA96F00CE32A7 /* pngrutil.c in Sources */,
				14A0A756237EA96F00CE32A7 /* png.c in Sources */,
				14A0A747237EA96F00CE32A7 /* pngwrite.c in Sources */,
				14A0A748237EA96F00CE32A7 /* image.c in Sources */,
				14A0A741237EA96F00CE32A7 /* pngtrans.c in Sources */,
				14A0A73A237EA96F00CE32A7 /* pngerror.c in Sources */,
				14A0A74C237EA96F00CE32A7 /* pngwtran.c in Sources */,
				14A0A799237ED32F00CE32A7 /* RGBAFrameCopier.mm in Sources */,
				14A0A73E237EA96F00CE32A7 /* pngwio.c in Sources */,
				14A0A6DC237EA7DF00CE32A7 /* ViewController.m in Sources */,
				14414FEC238F7E47003EE5F2 /* PreviewView.mm in Sources */,
				14A0A6D6237EA7DF00CE32A7 /* AppDelegate.m in Sources */,
				14A0A762237EAB7800CE32A7 /* CommonUtil.m in Sources */,
				C35EEE912390237B008475B3 /* PngPreviewController.m in Sources */,
				14A0A74A237EA96F00CE32A7 /* pngwutil.c in Sources */,
				14A0A74E237EA96F00CE32A7 /* png_decoder.cpp in Sources */,
				14A0A750237EA96F00CE32A7 /* pngread.c in Sources */,
				14A0A6E7237EA7E100CE32A7 /* main.m in Sources */,
				14A0A739237EA96F00CE32A7 /* pngrio.c in Sources */,
				14A0A796237ED2F200CE32A7 /* rgba_frame.cpp in Sources */,
				14A0A74F237EA96F00CE32A7 /* pngpread.c in Sources */,
			);
			runOnlyForDeploymentPostprocessing = 0;
		};
		14A0A6E8237EA7E100CE32A7 /* Sources */ = {
			isa = PBXSourcesBuildPhase;
			buildActionMask = 2147483647;
			files = (
				14A0A6F1237EA7E100CE32A7 /* OpenGLRendererTests.m in Sources */,
			);
			runOnlyForDeploymentPostprocessing = 0;
		};
		14A0A6F3237EA7E100CE32A7 /* Sources */ = {
			isa = PBXSourcesBuildPhase;
			buildActionMask = 2147483647;
			files = (
				14A0A6FC237EA7E100CE32A7 /* OpenGLRendererUITests.m in Sources */,
			);
			runOnlyForDeploymentPostprocessing = 0;
		};
/* End PBXSourcesBuildPhase section */

/* Begin PBXTargetDependency section */
		14A0A6EE237EA7E100CE32A7 /* PBXTargetDependency */ = {
			isa = PBXTargetDependency;
			target = 14A0A6D0237EA7DF00CE32A7 /* OpenGLRenderer */;
			targetProxy = 14A0A6ED237EA7E100CE32A7 /* PBXContainerItemProxy */;
		};
		14A0A6F9237EA7E100CE32A7 /* PBXTargetDependency */ = {
			isa = PBXTargetDependency;
			target = 14A0A6D0237EA7DF00CE32A7 /* OpenGLRenderer */;
			targetProxy = 14A0A6F8237EA7E100CE32A7 /* PBXContainerItemProxy */;
		};
/* End PBXTargetDependency section */

/* Begin PBXVariantGroup section */
		14A0A6DD237EA7DF00CE32A7 /* Main.storyboard */ = {
			isa = PBXVariantGroup;
			children = (
				14A0A6DE237EA7DF00CE32A7 /* Base */,
			);
			name = Main.storyboard;
			sourceTree = "<group>";
		};
		14A0A6E2237EA7E100CE32A7 /* LaunchScreen.storyboard */ = {
			isa = PBXVariantGroup;
			children = (
				14A0A6E3237EA7E100CE32A7 /* Base */,
			);
			name = LaunchScreen.storyboard;
			sourceTree = "<group>";
		};
/* End PBXVariantGroup section */

/* Begin XCBuildConfiguration section */
		14A0A6FE237EA7E100CE32A7 /* Debug */ = {
			isa = XCBuildConfiguration;
			buildSettings = {
				ALWAYS_SEARCH_USER_PATHS = NO;
				CLANG_ANALYZER_NONNULL = YES;
				CLANG_ANALYZER_NUMBER_OBJECT_CONVERSION = YES_AGGRESSIVE;
				CLANG_CXX_LANGUAGE_STANDARD = "gnu++14";
				CLANG_CXX_LIBRARY = "libc++";
				CLANG_ENABLE_MODULES = YES;
				CLANG_ENABLE_OBJC_ARC = YES;
				CLANG_ENABLE_OBJC_WEAK = YES;
				CLANG_WARN_BLOCK_CAPTURE_AUTORELEASING = YES;
				CLANG_WARN_BOOL_CONVERSION = YES;
				CLANG_WARN_COMMA = YES;
				CLANG_WARN_CONSTANT_CONVERSION = YES;
				CLANG_WARN_DEPRECATED_OBJC_IMPLEMENTATIONS = YES;
				CLANG_WARN_DIRECT_OBJC_ISA_USAGE = YES_ERROR;
				CLANG_WARN_DOCUMENTATION_COMMENTS = YES;
				CLANG_WARN_EMPTY_BODY = YES;
				CLANG_WARN_ENUM_CONVERSION = YES;
				CLANG_WARN_INFINITE_RECURSION = YES;
				CLANG_WARN_INT_CONVERSION = YES;
				CLANG_WARN_NON_LITERAL_NULL_CONVERSION = YES;
				CLANG_WARN_OBJC_IMPLICIT_RETAIN_SELF = YES;
				CLANG_WARN_OBJC_LITERAL_CONVERSION = YES;
				CLANG_WARN_OBJC_ROOT_CLASS = YES_ERROR;
				CLANG_WARN_RANGE_LOOP_ANALYSIS = YES;
				CLANG_WARN_STRICT_PROTOTYPES = YES;
				CLANG_WARN_SUSPICIOUS_MOVE = YES;
				CLANG_WARN_UNGUARDED_AVAILABILITY = YES_AGGRESSIVE;
				CLANG_WARN_UNREACHABLE_CODE = YES;
				CLANG_WARN__DUPLICATE_METHOD_MATCH = YES;
				COPY_PHASE_STRIP = NO;
				DEBUG_INFORMATION_FORMAT = dwarf;
				ENABLE_STRICT_OBJC_MSGSEND = YES;
				ENABLE_TESTABILITY = YES;
				GCC_C_LANGUAGE_STANDARD = gnu11;
				GCC_DYNAMIC_NO_PIC = NO;
				GCC_NO_COMMON_BLOCKS = YES;
				GCC_OPTIMIZATION_LEVEL = 0;
				GCC_PREPROCESSOR_DEFINITIONS = (
					"DEBUG=1",
					"$(inherited)",
				);
				GCC_WARN_64_TO_32_BIT_CONVERSION = YES;
				GCC_WARN_ABOUT_RETURN_TYPE = YES_ERROR;
				GCC_WARN_UNDECLARED_SELECTOR = YES;
				GCC_WARN_UNINITIALIZED_AUTOS = YES_AGGRESSIVE;
				GCC_WARN_UNUSED_FUNCTION = YES;
				GCC_WARN_UNUSED_VARIABLE = YES;
				IPHONEOS_DEPLOYMENT_TARGET = 13.0;
				MTL_ENABLE_DEBUG_INFO = INCLUDE_SOURCE;
				MTL_FAST_MATH = YES;
				ONLY_ACTIVE_ARCH = YES;
				SDKROOT = iphoneos;
			};
			name = Debug;
		};
		14A0A6FF237EA7E100CE32A7 /* Release */ = {
			isa = XCBuildConfiguration;
			buildSettings = {
				ALWAYS_SEARCH_USER_PATHS = NO;
				CLANG_ANALYZER_NONNULL = YES;
				CLANG_ANALYZER_NUMBER_OBJECT_CONVERSION = YES_AGGRESSIVE;
				CLANG_CXX_LANGUAGE_STANDARD = "gnu++14";
				CLANG_CXX_LIBRARY = "libc++";
				CLANG_ENABLE_MODULES = YES;
				CLANG_ENABLE_OBJC_ARC = YES;
				CLANG_ENABLE_OBJC_WEAK = YES;
				CLANG_WARN_BLOCK_CAPTURE_AUTORELEASING = YES;
				CLANG_WARN_BOOL_CONVERSION = YES;
				CLANG_WARN_COMMA = YES;
				CLANG_WARN_CONSTANT_CONVERSION = YES;
				CLANG_WARN_DEPRECATED_OBJC_IMPLEMENTATIONS = YES;
				CLANG_WARN_DIRECT_OBJC_ISA_USAGE = YES_ERROR;
				CLANG_WARN_DOCUMENTATION_COMMENTS = YES;
				CLANG_WARN_EMPTY_BODY = YES;
				CLANG_WARN_ENUM_CONVERSION = YES;
				CLANG_WARN_INFINITE_RECURSION = YES;
				CLANG_WARN_INT_CONVERSION = YES;
				CLANG_WARN_NON_LITERAL_NULL_CONVERSION = YES;
				CLANG_WARN_OBJC_IMPLICIT_RETAIN_SELF = YES;
				CLANG_WARN_OBJC_LITERAL_CONVERSION = YES;
				CLANG_WARN_OBJC_ROOT_CLASS = YES_ERROR;
				CLANG_WARN_RANGE_LOOP_ANALYSIS = YES;
				CLANG_WARN_STRICT_PROTOTYPES = YES;
				CLANG_WARN_SUSPICIOUS_MOVE = YES;
				CLANG_WARN_UNGUARDED_AVAILABILITY = YES_AGGRESSIVE;
				CLANG_WARN_UNREACHABLE_CODE = YES;
				CLANG_WARN__DUPLICATE_METHOD_MATCH = YES;
				COPY_PHASE_STRIP = NO;
				DEBUG_INFORMATION_FORMAT = "dwarf-with-dsym";
				ENABLE_NS_ASSERTIONS = NO;
				ENABLE_STRICT_OBJC_MSGSEND = YES;
				GCC_C_LANGUAGE_STANDARD = gnu11;
				GCC_NO_COMMON_BLOCKS = YES;
				GCC_WARN_64_TO_32_BIT_CONVERSION = YES;
				GCC_WARN_ABOUT_RETURN_TYPE = YES_ERROR;
				GCC_WARN_UNDECLARED_SELECTOR = YES;
				GCC_WARN_UNINITIALIZED_AUTOS = YES_AGGRESSIVE;
				GCC_WARN_UNUSED_FUNCTION = YES;
				GCC_WARN_UNUSED_VARIABLE = YES;
				IPHONEOS_DEPLOYMENT_TARGET = 13.0;
				MTL_ENABLE_DEBUG_INFO = NO;
				MTL_FAST_MATH = YES;
				SDKROOT = iphoneos;
				VALIDATE_PRODUCT = YES;
			};
			name = Release;
		};
		14A0A701237EA7E100CE32A7 /* Debug */ = {
			isa = XCBuildConfiguration;
			buildSettings = {
				ASSETCATALOG_COMPILER_APPICON_NAME = AppIcon;
				CODE_SIGN_STYLE = Automatic;
				INFOPLIST_FILE = OpenGLRenderer/Info.plist;
				IPHONEOS_DEPLOYMENT_TARGET = 9.0;
				LD_RUNPATH_SEARCH_PATHS = (
					"$(inherited)",
					"@executable_path/Frameworks",
				);
				PRODUCT_BUNDLE_IDENTIFIER = com.seacen.OpenGLRenderer;
				PRODUCT_NAME = "$(TARGET_NAME)";
				TARGETED_DEVICE_FAMILY = "1,2";
			};
			name = Debug;
		};
		14A0A702237EA7E100CE32A7 /* Release */ = {
			isa = XCBuildConfiguration;
			buildSettings = {
				ASSETCATALOG_COMPILER_APPICON_NAME = AppIcon;
				CODE_SIGN_STYLE = Automatic;
				INFOPLIST_FILE = OpenGLRenderer/Info.plist;
				IPHONEOS_DEPLOYMENT_TARGET = 9.0;
				LD_RUNPATH_SEARCH_PATHS = (
					"$(inherited)",
					"@executable_path/Frameworks",
				);
				PRODUCT_BUNDLE_IDENTIFIER = com.seacen.OpenGLRenderer;
				PRODUCT_NAME = "$(TARGET_NAME)";
				TARGETED_DEVICE_FAMILY = "1,2";
			};
			name = Release;
		};
		14A0A704237EA7E100CE32A7 /* Debug */ = {
			isa = XCBuildConfiguration;
			buildSettings = {
				BUNDLE_LOADER = "$(TEST_HOST)";
				CODE_SIGN_STYLE = Automatic;
				INFOPLIST_FILE = OpenGLRendererTests/Info.plist;
				IPHONEOS_DEPLOYMENT_TARGET = 13.0;
				LD_RUNPATH_SEARCH_PATHS = (
					"$(inherited)",
					"@executable_path/Frameworks",
					"@loader_path/Frameworks",
				);
				PRODUCT_BUNDLE_IDENTIFIER = com.seacen.OpenGLRendererTests;
				PRODUCT_NAME = "$(TARGET_NAME)";
				TARGETED_DEVICE_FAMILY = "1,2";
				TEST_HOST = "$(BUILT_PRODUCTS_DIR)/OpenGLRenderer.app/OpenGLRenderer";
			};
			name = Debug;
		};
		14A0A705237EA7E100CE32A7 /* Release */ = {
			isa = XCBuildConfiguration;
			buildSettings = {
				BUNDLE_LOADER = "$(TEST_HOST)";
				CODE_SIGN_STYLE = Automatic;
				INFOPLIST_FILE = OpenGLRendererTests/Info.plist;
				IPHONEOS_DEPLOYMENT_TARGET = 13.0;
				LD_RUNPATH_SEARCH_PATHS = (
					"$(inherited)",
					"@executable_path/Frameworks",
					"@loader_path/Frameworks",
				);
				PRODUCT_BUNDLE_IDENTIFIER = com.seacen.OpenGLRendererTests;
				PRODUCT_NAME = "$(TARGET_NAME)";
				TARGETED_DEVICE_FAMILY = "1,2";
				TEST_HOST = "$(BUILT_PRODUCTS_DIR)/OpenGLRenderer.app/OpenGLRenderer";
			};
			name = Release;
		};
		14A0A707237EA7E100CE32A7 /* Debug */ = {
			isa = XCBuildConfiguration;
			buildSettings = {
				CODE_SIGN_STYLE = Automatic;
				INFOPLIST_FILE = OpenGLRendererUITests/Info.plist;
				LD_RUNPATH_SEARCH_PATHS = (
					"$(inherited)",
					"@executable_path/Frameworks",
					"@loader_path/Frameworks",
				);
				PRODUCT_BUNDLE_IDENTIFIER = com.seacen.OpenGLRendererUITests;
				PRODUCT_NAME = "$(TARGET_NAME)";
				TARGETED_DEVICE_FAMILY = "1,2";
				TEST_TARGET_NAME = OpenGLRenderer;
			};
			name = Debug;
		};
		14A0A708237EA7E100CE32A7 /* Release */ = {
			isa = XCBuildConfiguration;
			buildSettings = {
				CODE_SIGN_STYLE = Automatic;
				INFOPLIST_FILE = OpenGLRendererUITests/Info.plist;
				LD_RUNPATH_SEARCH_PATHS = (
					"$(inherited)",
					"@executable_path/Frameworks",
					"@loader_path/Frameworks",
				);
				PRODUCT_BUNDLE_IDENTIFIER = com.seacen.OpenGLRendererUITests;
				PRODUCT_NAME = "$(TARGET_NAME)";
				TARGETED_DEVICE_FAMILY = "1,2";
				TEST_TARGET_NAME = OpenGLRenderer;
			};
			name = Release;
		};
/* End XCBuildConfiguration section */

/* Begin XCConfigurationList section */
		14A0A6CC237EA7DF00CE32A7 /* Build configuration list for PBXProject "OpenGLRenderer" */ = {
			isa = XCConfigurationList;
			buildConfigurations = (
				14A0A6FE237EA7E100CE32A7 /* Debug */,
				14A0A6FF237EA7E100CE32A7 /* Release */,
			);
			defaultConfigurationIsVisible = 0;
			defaultConfigurationName = Release;
		};
		14A0A700237EA7E100CE32A7 /* Build configuration list for PBXNativeTarget "OpenGLRenderer" */ = {
			isa = XCConfigurationList;
			buildConfigurations = (
				14A0A701237EA7E100CE32A7 /* Debug */,
				14A0A702237EA7E100CE32A7 /* Release */,
			);
			defaultConfigurationIsVisible = 0;
			defaultConfigurationName = Release;
		};
		14A0A703237EA7E100CE32A7 /* Build configuration list for PBXNativeTarget "OpenGLRendererTests" */ = {
			isa = XCConfigurationList;
			buildConfigurations = (
				14A0A704237EA7E100CE32A7 /* Debug */,
				14A0A705237EA7E100CE32A7 /* Release */,
			);
			defaultConfigurationIsVisible = 0;
			defaultConfigurationName = Release;
		};
		14A0A706237EA7E100CE32A7 /* Build configuration list for PBXNativeTarget "OpenGLRendererUITests" */ = {
			isa = XCConfigurationList;
			buildConfigurations = (
				14A0A707237EA7E100CE32A7 /* Debug */,
				14A0A708237EA7E100CE32A7 /* Release */,
			);
			defaultConfigurationIsVisible = 0;
			defaultConfigurationName = Release;
		};
/* End XCConfigurationList section */
	};
	rootObject = 14A0A6C9237EA7DF00CE32A7 /* Project object */;
}
